// !$*UTF8*$!
{
	archiveVersion = 1;
	classes = {
	};
	objectVersion = 55;
	objects = {

/* Begin PBXBuildFile section */
		09B5569228DA6156001466B0 /* Habilidades.swift in Sources */ = {isa = PBXBuildFile; fileRef = 09B5568B28DA6154001466B0 /* Habilidades.swift */; };
		09B5569328DA6156001466B0 /* SheetTabView.swift in Sources */ = {isa = PBXBuildFile; fileRef = 09B5568C28DA6155001466B0 /* SheetTabView.swift */; };
		09B5569428DA6156001466B0 /* Inventario.swift in Sources */ = {isa = PBXBuildFile; fileRef = 09B5568D28DA6155001466B0 /* Inventario.swift */; };
		09B5569528DA6156001466B0 /* Atributos.swift in Sources */ = {isa = PBXBuildFile; fileRef = 09B5568E28DA6155001466B0 /* Atributos.swift */; };
		09B5569628DA6156001466B0 /* Identidade.swift in Sources */ = {isa = PBXBuildFile; fileRef = 09B5568F28DA6156001466B0 /* Identidade.swift */; };
		09B5569728DA6156001466B0 /* ContentView.swift in Sources */ = {isa = PBXBuildFile; fileRef = 09B5569028DA6156001466B0 /* ContentView.swift */; };
		09B5569828DA6156001466B0 /* Combate.swift in Sources */ = {isa = PBXBuildFile; fileRef = 09B5569128DA6156001466B0 /* Combate.swift */; };
		126AAE1628DAC0A900CF5A2E /* TestView.swift in Sources */ = {isa = PBXBuildFile; fileRef = 126AAE1528DAC0A900CF5A2E /* TestView.swift */; };
		126ABAE128DB38C100CF5A2E /* JsonFileUtil.swift in Sources */ = {isa = PBXBuildFile; fileRef = 126ABAE028DB38C100CF5A2E /* JsonFileUtil.swift */; };
		126ABAE328DB38E000CF5A2E /* Content in Resources */ = {isa = PBXBuildFile; fileRef = 126ABAE228DB38E000CF5A2E /* Content */; };
		126ABAF128DB3D5200CF5A2E /* MagiaJSON.swift in Sources */ = {isa = PBXBuildFile; fileRef = 126ABAE528DB3D5000CF5A2E /* MagiaJSON.swift */; };
		126ABAF228DB3D5200CF5A2E /* Moeda.swift in Sources */ = {isa = PBXBuildFile; fileRef = 126ABAE628DB3D5000CF5A2E /* Moeda.swift */; };
		126ABAF328DB3D5200CF5A2E /* VeiculoAquaticoJSON.swift in Sources */ = {isa = PBXBuildFile; fileRef = 126ABAE728DB3D5100CF5A2E /* VeiculoAquaticoJSON.swift */; };
		126ABAF428DB3D5200CF5A2E /* MontariaJSON.swift in Sources */ = {isa = PBXBuildFile; fileRef = 126ABAE828DB3D5100CF5A2E /* MontariaJSON.swift */; };
		126ABAF528DB3D5200CF5A2E /* EquipamentoJSON.swift in Sources */ = {isa = PBXBuildFile; fileRef = 126ABAE928DB3D5100CF5A2E /* EquipamentoJSON.swift */; };
		126ABAF628DB3D5200CF5A2E /* EquipamentoMontariaJSON.swift in Sources */ = {isa = PBXBuildFile; fileRef = 126ABAEA28DB3D5100CF5A2E /* EquipamentoMontariaJSON.swift */; };
		126ABAF728DB3D5200CF5A2E /* ArmaJSON.swift in Sources */ = {isa = PBXBuildFile; fileRef = 126ABAEB28DB3D5100CF5A2E /* ArmaJSON.swift */; };
		126ABAF828DB3D5200CF5A2E /* FerramentaJSON.swift in Sources */ = {isa = PBXBuildFile; fileRef = 126ABAEC28DB3D5100CF5A2E /* FerramentaJSON.swift */; };
		126ABAF928DB3D5200CF5A2E /* BugigangaJSON.swift in Sources */ = {isa = PBXBuildFile; fileRef = 126ABAED28DB3D5100CF5A2E /* BugigangaJSON.swift */; };
		126ABAFA28DB3D5200CF5A2E /* ArmaduraJSON.swift in Sources */ = {isa = PBXBuildFile; fileRef = 126ABAEE28DB3D5100CF5A2E /* ArmaduraJSON.swift */; };
		126ABAFB28DB3D5200CF5A2E /* Json.swift in Sources */ = {isa = PBXBuildFile; fileRef = 126ABAEF28DB3D5100CF5A2E /* Json.swift */; };
		3D3DC35428DBF8440093BD92 /* Antecedente.swift in Sources */ = {isa = PBXBuildFile; fileRef = 3D3DC35328DBF8440093BD92 /* Antecedente.swift */; };
		3D3DC35628DC09F00093BD92 /* ClasseBuilder.swift in Sources */ = {isa = PBXBuildFile; fileRef = 3D3DC35528DC09F00093BD92 /* ClasseBuilder.swift */; };
		3D3DC35828DC13880093BD92 /* ClasseDirector.swift in Sources */ = {isa = PBXBuildFile; fileRef = 3D3DC35728DC13880093BD92 /* ClasseDirector.swift */; };
		3D3DC35D28DC14B30093BD92 /* ClasseClient.swift in Sources */ = {isa = PBXBuildFile; fileRef = 3D3DC35C28DC14B30093BD92 /* ClasseClient.swift */; };
		3D3DC35F28DC15310093BD92 /* ClasseConcreteBuilder.swift in Sources */ = {isa = PBXBuildFile; fileRef = 3D3DC35E28DC15310093BD92 /* ClasseConcreteBuilder.swift */; };
		3D60C63B28DB80FE0051676A /* PersonagemBuilder.swift in Sources */ = {isa = PBXBuildFile; fileRef = 3D60C63928DB80FE0051676A /* PersonagemBuilder.swift */; };
		3D60C63C28DB80FE0051676A /* ClasseEscolha.swift in Sources */ = {isa = PBXBuildFile; fileRef = 3D60C63A28DB80FE0051676A /* ClasseEscolha.swift */; };
		3D60C63E28DB958C0051676A /* Raca.swift in Sources */ = {isa = PBXBuildFile; fileRef = 3D60C63D28DB958C0051676A /* Raca.swift */; };
		3D81D6C028DCF23A00F9AE13 /* EquipamentoInicial.swift in Sources */ = {isa = PBXBuildFile; fileRef = 3D81D6BF28DCF23A00F9AE13 /* EquipamentoInicial.swift */; };
		3D9BED1928CFB76000CA1821 /* MiniChallenge001App.swift in Sources */ = {isa = PBXBuildFile; fileRef = 3D9BED1828CFB76000CA1821 /* MiniChallenge001App.swift */; };
		3D9BED1D28CFB76200CA1821 /* Assets.xcassets in Resources */ = {isa = PBXBuildFile; fileRef = 3D9BED1C28CFB76200CA1821 /* Assets.xcassets */; };
		3D9BED2028CFB76200CA1821 /* Preview Assets.xcassets in Resources */ = {isa = PBXBuildFile; fileRef = 3D9BED1F28CFB76200CA1821 /* Preview Assets.xcassets */; };
		3D9BED2F28CFB76200CA1821 /* MiniChallenge001Tests.swift in Sources */ = {isa = PBXBuildFile; fileRef = 3D9BED2E28CFB76200CA1821 /* MiniChallenge001Tests.swift */; };
		3D9BED3928CFB76200CA1821 /* MiniChallenge001UITests.swift in Sources */ = {isa = PBXBuildFile; fileRef = 3D9BED3828CFB76200CA1821 /* MiniChallenge001UITests.swift */; };
		3D9BED3B28CFB76200CA1821 /* MiniChallenge001UITestsLaunchTests.swift in Sources */ = {isa = PBXBuildFile; fileRef = 3D9BED3A28CFB76200CA1821 /* MiniChallenge001UITestsLaunchTests.swift */; };
		3DE3796F28D2673E005812C7 /* ViewModel.swift in Sources */ = {isa = PBXBuildFile; fileRef = 3DE3796E28D2673E005812C7 /* ViewModel.swift */; };
/* End PBXBuildFile section */

/* Begin PBXContainerItemProxy section */
		3D9BED2B28CFB76200CA1821 /* PBXContainerItemProxy */ = {
			isa = PBXContainerItemProxy;
			containerPortal = 3D9BED0D28CFB76000CA1821 /* Project object */;
			proxyType = 1;
			remoteGlobalIDString = 3D9BED1428CFB76000CA1821;
			remoteInfo = MiniChallenge001;
		};
		3D9BED3528CFB76200CA1821 /* PBXContainerItemProxy */ = {
			isa = PBXContainerItemProxy;
			containerPortal = 3D9BED0D28CFB76000CA1821 /* Project object */;
			proxyType = 1;
			remoteGlobalIDString = 3D9BED1428CFB76000CA1821;
			remoteInfo = MiniChallenge001;
		};
/* End PBXContainerItemProxy section */

/* Begin PBXFileReference section */
		09B5568B28DA6154001466B0 /* Habilidades.swift */ = {isa = PBXFileReference; fileEncoding = 4; lastKnownFileType = sourcecode.swift; path = Habilidades.swift; sourceTree = "<group>"; };
		09B5568C28DA6155001466B0 /* SheetTabView.swift */ = {isa = PBXFileReference; fileEncoding = 4; lastKnownFileType = sourcecode.swift; path = SheetTabView.swift; sourceTree = "<group>"; };
		09B5568D28DA6155001466B0 /* Inventario.swift */ = {isa = PBXFileReference; fileEncoding = 4; lastKnownFileType = sourcecode.swift; path = Inventario.swift; sourceTree = "<group>"; };
		09B5568E28DA6155001466B0 /* Atributos.swift */ = {isa = PBXFileReference; fileEncoding = 4; lastKnownFileType = sourcecode.swift; path = Atributos.swift; sourceTree = "<group>"; };
		09B5568F28DA6156001466B0 /* Identidade.swift */ = {isa = PBXFileReference; fileEncoding = 4; lastKnownFileType = sourcecode.swift; path = Identidade.swift; sourceTree = "<group>"; };
		09B5569028DA6156001466B0 /* ContentView.swift */ = {isa = PBXFileReference; fileEncoding = 4; lastKnownFileType = sourcecode.swift; path = ContentView.swift; sourceTree = "<group>"; };
		09B5569128DA6156001466B0 /* Combate.swift */ = {isa = PBXFileReference; fileEncoding = 4; lastKnownFileType = sourcecode.swift; path = Combate.swift; sourceTree = "<group>"; };
		126AAE1528DAC0A900CF5A2E /* TestView.swift */ = {isa = PBXFileReference; lastKnownFileType = sourcecode.swift; path = TestView.swift; sourceTree = "<group>"; };
		126ABAE028DB38C100CF5A2E /* JsonFileUtil.swift */ = {isa = PBXFileReference; lastKnownFileType = sourcecode.swift; name = JsonFileUtil.swift; path = MiniChallenge001/Model/JsonFileUtil.swift; sourceTree = SOURCE_ROOT; };
		126ABAE228DB38E000CF5A2E /* Content */ = {isa = PBXFileReference; lastKnownFileType = folder; path = Content; sourceTree = SOURCE_ROOT; };
		126ABAE528DB3D5000CF5A2E /* MagiaJSON.swift */ = {isa = PBXFileReference; fileEncoding = 4; lastKnownFileType = sourcecode.swift; path = MagiaJSON.swift; sourceTree = "<group>"; };
		126ABAE628DB3D5000CF5A2E /* Moeda.swift */ = {isa = PBXFileReference; fileEncoding = 4; lastKnownFileType = sourcecode.swift; path = Moeda.swift; sourceTree = "<group>"; };
		126ABAE728DB3D5100CF5A2E /* VeiculoAquaticoJSON.swift */ = {isa = PBXFileReference; fileEncoding = 4; lastKnownFileType = sourcecode.swift; path = VeiculoAquaticoJSON.swift; sourceTree = "<group>"; };
		126ABAE828DB3D5100CF5A2E /* MontariaJSON.swift */ = {isa = PBXFileReference; fileEncoding = 4; lastKnownFileType = sourcecode.swift; path = MontariaJSON.swift; sourceTree = "<group>"; };
		126ABAE928DB3D5100CF5A2E /* EquipamentoJSON.swift */ = {isa = PBXFileReference; fileEncoding = 4; lastKnownFileType = sourcecode.swift; path = EquipamentoJSON.swift; sourceTree = "<group>"; };
		126ABAEA28DB3D5100CF5A2E /* EquipamentoMontariaJSON.swift */ = {isa = PBXFileReference; fileEncoding = 4; lastKnownFileType = sourcecode.swift; path = EquipamentoMontariaJSON.swift; sourceTree = "<group>"; };
		126ABAEB28DB3D5100CF5A2E /* ArmaJSON.swift */ = {isa = PBXFileReference; fileEncoding = 4; lastKnownFileType = sourcecode.swift; path = ArmaJSON.swift; sourceTree = "<group>"; };
		126ABAEC28DB3D5100CF5A2E /* FerramentaJSON.swift */ = {isa = PBXFileReference; fileEncoding = 4; lastKnownFileType = sourcecode.swift; path = FerramentaJSON.swift; sourceTree = "<group>"; };
		126ABAED28DB3D5100CF5A2E /* BugigangaJSON.swift */ = {isa = PBXFileReference; fileEncoding = 4; lastKnownFileType = sourcecode.swift; path = BugigangaJSON.swift; sourceTree = "<group>"; };
		126ABAEE28DB3D5100CF5A2E /* ArmaduraJSON.swift */ = {isa = PBXFileReference; fileEncoding = 4; lastKnownFileType = sourcecode.swift; path = ArmaduraJSON.swift; sourceTree = "<group>"; };
		126ABAEF28DB3D5100CF5A2E /* Json.swift */ = {isa = PBXFileReference; fileEncoding = 4; lastKnownFileType = sourcecode.swift; path = Json.swift; sourceTree = "<group>"; };
		3D3DC35328DBF8440093BD92 /* Antecedente.swift */ = {isa = PBXFileReference; lastKnownFileType = sourcecode.swift; path = Antecedente.swift; sourceTree = "<group>"; };
		3D3DC35528DC09F00093BD92 /* ClasseBuilder.swift */ = {isa = PBXFileReference; lastKnownFileType = sourcecode.swift; path = ClasseBuilder.swift; sourceTree = "<group>"; };
		3D3DC35728DC13880093BD92 /* ClasseDirector.swift */ = {isa = PBXFileReference; lastKnownFileType = sourcecode.swift; path = ClasseDirector.swift; sourceTree = "<group>"; };
		3D3DC35C28DC14B30093BD92 /* ClasseClient.swift */ = {isa = PBXFileReference; lastKnownFileType = sourcecode.swift; path = ClasseClient.swift; sourceTree = "<group>"; };
		3D3DC35E28DC15310093BD92 /* ClasseConcreteBuilder.swift */ = {isa = PBXFileReference; lastKnownFileType = sourcecode.swift; path = ClasseConcreteBuilder.swift; sourceTree = "<group>"; };
		3D60C63928DB80FE0051676A /* PersonagemBuilder.swift */ = {isa = PBXFileReference; fileEncoding = 4; lastKnownFileType = sourcecode.swift; path = PersonagemBuilder.swift; sourceTree = "<group>"; };
		3D60C63A28DB80FE0051676A /* ClasseEscolha.swift */ = {isa = PBXFileReference; fileEncoding = 4; lastKnownFileType = sourcecode.swift; path = ClasseEscolha.swift; sourceTree = "<group>"; };
		3D60C63D28DB958C0051676A /* Raca.swift */ = {isa = PBXFileReference; lastKnownFileType = sourcecode.swift; path = Raca.swift; sourceTree = "<group>"; };
		3D81D6BF28DCF23A00F9AE13 /* EquipamentoInicial.swift */ = {isa = PBXFileReference; lastKnownFileType = sourcecode.swift; path = EquipamentoInicial.swift; sourceTree = "<group>"; };
		3D9BED1528CFB76000CA1821 /* MiniChallenge001.app */ = {isa = PBXFileReference; explicitFileType = wrapper.application; includeInIndex = 0; path = MiniChallenge001.app; sourceTree = BUILT_PRODUCTS_DIR; };
		3D9BED1828CFB76000CA1821 /* MiniChallenge001App.swift */ = {isa = PBXFileReference; lastKnownFileType = sourcecode.swift; path = MiniChallenge001App.swift; sourceTree = "<group>"; };
		3D9BED1C28CFB76200CA1821 /* Assets.xcassets */ = {isa = PBXFileReference; lastKnownFileType = folder.assetcatalog; path = Assets.xcassets; sourceTree = "<group>"; };
		3D9BED1F28CFB76200CA1821 /* Preview Assets.xcassets */ = {isa = PBXFileReference; lastKnownFileType = folder.assetcatalog; path = "Preview Assets.xcassets"; sourceTree = "<group>"; };
		3D9BED2A28CFB76200CA1821 /* MiniChallenge001Tests.xctest */ = {isa = PBXFileReference; explicitFileType = wrapper.cfbundle; includeInIndex = 0; path = MiniChallenge001Tests.xctest; sourceTree = BUILT_PRODUCTS_DIR; };
		3D9BED2E28CFB76200CA1821 /* MiniChallenge001Tests.swift */ = {isa = PBXFileReference; lastKnownFileType = sourcecode.swift; path = MiniChallenge001Tests.swift; sourceTree = "<group>"; };
		3D9BED3428CFB76200CA1821 /* MiniChallenge001UITests.xctest */ = {isa = PBXFileReference; explicitFileType = wrapper.cfbundle; includeInIndex = 0; path = MiniChallenge001UITests.xctest; sourceTree = BUILT_PRODUCTS_DIR; };
		3D9BED3828CFB76200CA1821 /* MiniChallenge001UITests.swift */ = {isa = PBXFileReference; lastKnownFileType = sourcecode.swift; path = MiniChallenge001UITests.swift; sourceTree = "<group>"; };
		3D9BED3A28CFB76200CA1821 /* MiniChallenge001UITestsLaunchTests.swift */ = {isa = PBXFileReference; lastKnownFileType = sourcecode.swift; path = MiniChallenge001UITestsLaunchTests.swift; sourceTree = "<group>"; };
		3DE3796E28D2673E005812C7 /* ViewModel.swift */ = {isa = PBXFileReference; lastKnownFileType = sourcecode.swift; path = ViewModel.swift; sourceTree = "<group>"; };
/* End PBXFileReference section */

/* Begin PBXFrameworksBuildPhase section */
		3D9BED1228CFB76000CA1821 /* Frameworks */ = {
			isa = PBXFrameworksBuildPhase;
			buildActionMask = 2147483647;
			files = (
			);
			runOnlyForDeploymentPostprocessing = 0;
		};
		3D9BED2728CFB76200CA1821 /* Frameworks */ = {
			isa = PBXFrameworksBuildPhase;
			buildActionMask = 2147483647;
			files = (
			);
			runOnlyForDeploymentPostprocessing = 0;
		};
		3D9BED3128CFB76200CA1821 /* Frameworks */ = {
			isa = PBXFrameworksBuildPhase;
			buildActionMask = 2147483647;
			files = (
			);
			runOnlyForDeploymentPostprocessing = 0;
		};
/* End PBXFrameworksBuildPhase section */

/* Begin PBXGroup section */
		126AA8F828DABD5300CF5A2E /* Json */ = {
			isa = PBXGroup;
			children = (
				126ABAE028DB38C100CF5A2E /* JsonFileUtil.swift */,
				126ABAEF28DB3D5100CF5A2E /* Json.swift */,
				126ABAEE28DB3D5100CF5A2E /* ArmaduraJSON.swift */,
				126ABAEB28DB3D5100CF5A2E /* ArmaJSON.swift */,
				126ABAED28DB3D5100CF5A2E /* BugigangaJSON.swift */,
				126ABAE928DB3D5100CF5A2E /* EquipamentoJSON.swift */,
				126ABAEA28DB3D5100CF5A2E /* EquipamentoMontariaJSON.swift */,
				126ABAEC28DB3D5100CF5A2E /* FerramentaJSON.swift */,
				126ABAE528DB3D5000CF5A2E /* MagiaJSON.swift */,
				126ABAE628DB3D5000CF5A2E /* Moeda.swift */,
				126ABAE828DB3D5100CF5A2E /* MontariaJSON.swift */,
				126ABAE728DB3D5100CF5A2E /* VeiculoAquaticoJSON.swift */,
			);
			path = Json;
			sourceTree = "<group>";
		};
		3D3DC35A28DC146A0093BD92 /* Builders */ = {
			isa = PBXGroup;
			children = (
				3D60C63828DB80FE0051676A /* Builder_Personagem */,
				3D3DC35B28DC14790093BD92 /* Builder_Classe */,
			);
			path = Builders;
			sourceTree = "<group>";
		};
		3D3DC35B28DC14790093BD92 /* Builder_Classe */ = {
			isa = PBXGroup;
			children = (
				3D3DC35528DC09F00093BD92 /* ClasseBuilder.swift */,
				3D3DC35E28DC15310093BD92 /* ClasseConcreteBuilder.swift */,
				3D3DC35728DC13880093BD92 /* ClasseDirector.swift */,
				3D3DC35C28DC14B30093BD92 /* ClasseClient.swift */,
				3D60C63A28DB80FE0051676A /* ClasseEscolha.swift */,
				3D81D6BF28DCF23A00F9AE13 /* EquipamentoInicial.swift */,
			);
			path = Builder_Classe;
			sourceTree = "<group>";
		};
		3D60C63828DB80FE0051676A /* Builder_Personagem */ = {
			isa = PBXGroup;
			children = (
				3D60C63928DB80FE0051676A /* PersonagemBuilder.swift */,
				3D60C63D28DB958C0051676A /* Raca.swift */,
				3D3DC35328DBF8440093BD92 /* Antecedente.swift */,
			);
			path = Builder_Personagem;
			sourceTree = "<group>";
		};
		3D9BED0C28CFB76000CA1821 = {
			isa = PBXGroup;
			children = (
				126ABAE228DB38E000CF5A2E /* Content */,
				3D9BED1728CFB76000CA1821 /* MiniChallenge001 */,
				3D9BED2D28CFB76200CA1821 /* MiniChallenge001Tests */,
				3D9BED3728CFB76200CA1821 /* MiniChallenge001UITests */,
				3D9BED1628CFB76000CA1821 /* Products */,
			);
			sourceTree = "<group>";
		};
		3D9BED1628CFB76000CA1821 /* Products */ = {
			isa = PBXGroup;
			children = (
				3D9BED1528CFB76000CA1821 /* MiniChallenge001.app */,
				3D9BED2A28CFB76200CA1821 /* MiniChallenge001Tests.xctest */,
				3D9BED3428CFB76200CA1821 /* MiniChallenge001UITests.xctest */,
			);
			name = Products;
			sourceTree = "<group>";
		};
		3D9BED1728CFB76000CA1821 /* MiniChallenge001 */ = {
			isa = PBXGroup;
			children = (
				3D9BED1828CFB76000CA1821 /* MiniChallenge001App.swift */,
				3DE3796C28D26413005812C7 /* View */,
				3DE3796B28D26400005812C7 /* ViewModel */,
				3DE3796A28D26391005812C7 /* Model */,
				3D9BED1E28CFB76200CA1821 /* Preview Content */,
				3D9BED1C28CFB76200CA1821 /* Assets.xcassets */,
			);
			path = MiniChallenge001;
			sourceTree = "<group>";
		};
		3D9BED1E28CFB76200CA1821 /* Preview Content */ = {
			isa = PBXGroup;
			children = (
				3D9BED1F28CFB76200CA1821 /* Preview Assets.xcassets */,
			);
			path = "Preview Content";
			sourceTree = "<group>";
		};
		3D9BED2D28CFB76200CA1821 /* MiniChallenge001Tests */ = {
			isa = PBXGroup;
			children = (
				3D9BED2E28CFB76200CA1821 /* MiniChallenge001Tests.swift */,
			);
			path = MiniChallenge001Tests;
			sourceTree = "<group>";
		};
		3D9BED3728CFB76200CA1821 /* MiniChallenge001UITests */ = {
			isa = PBXGroup;
			children = (
				3D9BED3828CFB76200CA1821 /* MiniChallenge001UITests.swift */,
				3D9BED3A28CFB76200CA1821 /* MiniChallenge001UITestsLaunchTests.swift */,
			);
			path = MiniChallenge001UITests;
			sourceTree = "<group>";
		};
		3DE3796A28D26391005812C7 /* Model */ = {
			isa = PBXGroup;
			children = (
				126AA8F828DABD5300CF5A2E /* Json */,
			);
			path = Model;
			sourceTree = "<group>";
		};
		3DE3796B28D26400005812C7 /* ViewModel */ = {
			isa = PBXGroup;
			children = (
				3D3DC35A28DC146A0093BD92 /* Builders */,
				3DE3796E28D2673E005812C7 /* ViewModel.swift */,
			);
			path = ViewModel;
			sourceTree = "<group>";
		};
		3DE3796C28D26413005812C7 /* View */ = {
			isa = PBXGroup;
			children = (
				09B5568E28DA6155001466B0 /* Atributos.swift */,
				09B5569128DA6156001466B0 /* Combate.swift */,
				09B5569028DA6156001466B0 /* ContentView.swift */,
				09B5568B28DA6154001466B0 /* Habilidades.swift */,
				09B5568F28DA6156001466B0 /* Identidade.swift */,
				09B5568D28DA6155001466B0 /* Inventario.swift */,
				09B5568C28DA6155001466B0 /* SheetTabView.swift */,
				126AAE1528DAC0A900CF5A2E /* TestView.swift */,
			);
			path = View;
			sourceTree = "<group>";
		};
/* End PBXGroup section */

/* Begin PBXNativeTarget section */
		3D9BED1428CFB76000CA1821 /* MiniChallenge001 */ = {
			isa = PBXNativeTarget;
			buildConfigurationList = 3D9BED3E28CFB76200CA1821 /* Build configuration list for PBXNativeTarget "MiniChallenge001" */;
			buildPhases = (
				3D9BED1128CFB76000CA1821 /* Sources */,
				3D9BED1228CFB76000CA1821 /* Frameworks */,
				3D9BED1328CFB76000CA1821 /* Resources */,
			);
			buildRules = (
			);
			dependencies = (
			);
			name = MiniChallenge001;
			productName = MiniChallenge001;
			productReference = 3D9BED1528CFB76000CA1821 /* MiniChallenge001.app */;
			productType = "com.apple.product-type.application";
		};
		3D9BED2928CFB76200CA1821 /* MiniChallenge001Tests */ = {
			isa = PBXNativeTarget;
			buildConfigurationList = 3D9BED4128CFB76200CA1821 /* Build configuration list for PBXNativeTarget "MiniChallenge001Tests" */;
			buildPhases = (
				3D9BED2628CFB76200CA1821 /* Sources */,
				3D9BED2728CFB76200CA1821 /* Frameworks */,
				3D9BED2828CFB76200CA1821 /* Resources */,
			);
			buildRules = (
			);
			dependencies = (
				3D9BED2C28CFB76200CA1821 /* PBXTargetDependency */,
			);
			name = MiniChallenge001Tests;
			productName = MiniChallenge001Tests;
			productReference = 3D9BED2A28CFB76200CA1821 /* MiniChallenge001Tests.xctest */;
			productType = "com.apple.product-type.bundle.unit-test";
		};
		3D9BED3328CFB76200CA1821 /* MiniChallenge001UITests */ = {
			isa = PBXNativeTarget;
			buildConfigurationList = 3D9BED4428CFB76200CA1821 /* Build configuration list for PBXNativeTarget "MiniChallenge001UITests" */;
			buildPhases = (
				3D9BED3028CFB76200CA1821 /* Sources */,
				3D9BED3128CFB76200CA1821 /* Frameworks */,
				3D9BED3228CFB76200CA1821 /* Resources */,
			);
			buildRules = (
			);
			dependencies = (
				3D9BED3628CFB76200CA1821 /* PBXTargetDependency */,
			);
			name = MiniChallenge001UITests;
			productName = MiniChallenge001UITests;
			productReference = 3D9BED3428CFB76200CA1821 /* MiniChallenge001UITests.xctest */;
			productType = "com.apple.product-type.bundle.ui-testing";
		};
/* End PBXNativeTarget section */

/* Begin PBXProject section */
		3D9BED0D28CFB76000CA1821 /* Project object */ = {
			isa = PBXProject;
			attributes = {
				BuildIndependentTargetsInParallel = 1;
				LastSwiftUpdateCheck = 1320;
				LastUpgradeCheck = 1320;
				TargetAttributes = {
					3D9BED1428CFB76000CA1821 = {
						CreatedOnToolsVersion = 13.2.1;
					};
					3D9BED2928CFB76200CA1821 = {
						CreatedOnToolsVersion = 13.2.1;
						TestTargetID = 3D9BED1428CFB76000CA1821;
					};
					3D9BED3328CFB76200CA1821 = {
						CreatedOnToolsVersion = 13.2.1;
						TestTargetID = 3D9BED1428CFB76000CA1821;
					};
				};
			};
			buildConfigurationList = 3D9BED1028CFB76000CA1821 /* Build configuration list for PBXProject "MiniChallenge001" */;
			compatibilityVersion = "Xcode 13.0";
			developmentRegion = en;
			hasScannedForEncodings = 0;
			knownRegions = (
				en,
				Base,
			);
			mainGroup = 3D9BED0C28CFB76000CA1821;
			productRefGroup = 3D9BED1628CFB76000CA1821 /* Products */;
			projectDirPath = "";
			projectRoot = "";
			targets = (
				3D9BED1428CFB76000CA1821 /* MiniChallenge001 */,
				3D9BED2928CFB76200CA1821 /* MiniChallenge001Tests */,
				3D9BED3328CFB76200CA1821 /* MiniChallenge001UITests */,
			);
		};
/* End PBXProject section */

/* Begin PBXResourcesBuildPhase section */
		3D9BED1328CFB76000CA1821 /* Resources */ = {
			isa = PBXResourcesBuildPhase;
			buildActionMask = 2147483647;
			files = (
				126ABAE328DB38E000CF5A2E /* Content in Resources */,
				3D9BED2028CFB76200CA1821 /* Preview Assets.xcassets in Resources */,
				3D9BED1D28CFB76200CA1821 /* Assets.xcassets in Resources */,
			);
			runOnlyForDeploymentPostprocessing = 0;
		};
		3D9BED2828CFB76200CA1821 /* Resources */ = {
			isa = PBXResourcesBuildPhase;
			buildActionMask = 2147483647;
			files = (
			);
			runOnlyForDeploymentPostprocessing = 0;
		};
		3D9BED3228CFB76200CA1821 /* Resources */ = {
			isa = PBXResourcesBuildPhase;
			buildActionMask = 2147483647;
			files = (
			);
			runOnlyForDeploymentPostprocessing = 0;
		};
/* End PBXResourcesBuildPhase section */

/* Begin PBXSourcesBuildPhase section */
		3D9BED1128CFB76000CA1821 /* Sources */ = {
			isa = PBXSourcesBuildPhase;
			buildActionMask = 2147483647;
			files = (
				09B5569428DA6156001466B0 /* Inventario.swift in Sources */,
				126ABAFA28DB3D5200CF5A2E /* ArmaduraJSON.swift in Sources */,
				126ABAF128DB3D5200CF5A2E /* MagiaJSON.swift in Sources */,
				3D3DC35428DBF8440093BD92 /* Antecedente.swift in Sources */,
				09B5569628DA6156001466B0 /* Identidade.swift in Sources */,
				3D60C63E28DB958C0051676A /* Raca.swift in Sources */,
				3D3DC35628DC09F00093BD92 /* ClasseBuilder.swift in Sources */,
				3DE3796F28D2673E005812C7 /* ViewModel.swift in Sources */,
				09B5569528DA6156001466B0 /* Atributos.swift in Sources */,
				126ABAF228DB3D5200CF5A2E /* Moeda.swift in Sources */,
				126ABAFB28DB3D5200CF5A2E /* Json.swift in Sources */,
				126ABAF828DB3D5200CF5A2E /* FerramentaJSON.swift in Sources */,
				126ABAF528DB3D5200CF5A2E /* EquipamentoJSON.swift in Sources */,
				3D3DC35D28DC14B30093BD92 /* ClasseClient.swift in Sources */,
				09B5569728DA6156001466B0 /* ContentView.swift in Sources */,
				126ABAF328DB3D5200CF5A2E /* VeiculoAquaticoJSON.swift in Sources */,
				3D60C63B28DB80FE0051676A /* PersonagemBuilder.swift in Sources */,
				3D3DC35828DC13880093BD92 /* ClasseDirector.swift in Sources */,
				126ABAF928DB3D5200CF5A2E /* BugigangaJSON.swift in Sources */,
				126AAE1628DAC0A900CF5A2E /* TestView.swift in Sources */,
				09B5569228DA6156001466B0 /* Habilidades.swift in Sources */,
				126ABAE128DB38C100CF5A2E /* JsonFileUtil.swift in Sources */,
				3D3DC35F28DC15310093BD92 /* ClasseConcreteBuilder.swift in Sources */,
				09B5569828DA6156001466B0 /* Combate.swift in Sources */,
				126ABAF628DB3D5200CF5A2E /* EquipamentoMontariaJSON.swift in Sources */,
				126ABAF728DB3D5200CF5A2E /* ArmaJSON.swift in Sources */,
				3D81D6C028DCF23A00F9AE13 /* EquipamentoInicial.swift in Sources */,
				09B5569328DA6156001466B0 /* SheetTabView.swift in Sources */,
				126ABAF428DB3D5200CF5A2E /* MontariaJSON.swift in Sources */,
				3D60C63C28DB80FE0051676A /* ClasseEscolha.swift in Sources */,
				3D9BED1928CFB76000CA1821 /* MiniChallenge001App.swift in Sources */,
			);
			runOnlyForDeploymentPostprocessing = 0;
		};
		3D9BED2628CFB76200CA1821 /* Sources */ = {
			isa = PBXSourcesBuildPhase;
			buildActionMask = 2147483647;
			files = (
				3D9BED2F28CFB76200CA1821 /* MiniChallenge001Tests.swift in Sources */,
			);
			runOnlyForDeploymentPostprocessing = 0;
		};
		3D9BED3028CFB76200CA1821 /* Sources */ = {
			isa = PBXSourcesBuildPhase;
			buildActionMask = 2147483647;
			files = (
				3D9BED3928CFB76200CA1821 /* MiniChallenge001UITests.swift in Sources */,
				3D9BED3B28CFB76200CA1821 /* MiniChallenge001UITestsLaunchTests.swift in Sources */,
			);
			runOnlyForDeploymentPostprocessing = 0;
		};
/* End PBXSourcesBuildPhase section */

/* Begin PBXTargetDependency section */
		3D9BED2C28CFB76200CA1821 /* PBXTargetDependency */ = {
			isa = PBXTargetDependency;
			target = 3D9BED1428CFB76000CA1821 /* MiniChallenge001 */;
			targetProxy = 3D9BED2B28CFB76200CA1821 /* PBXContainerItemProxy */;
		};
		3D9BED3628CFB76200CA1821 /* PBXTargetDependency */ = {
			isa = PBXTargetDependency;
			target = 3D9BED1428CFB76000CA1821 /* MiniChallenge001 */;
			targetProxy = 3D9BED3528CFB76200CA1821 /* PBXContainerItemProxy */;
		};
/* End PBXTargetDependency section */

/* Begin XCBuildConfiguration section */
		3D9BED3C28CFB76200CA1821 /* Debug */ = {
			isa = XCBuildConfiguration;
			buildSettings = {
				ALWAYS_SEARCH_USER_PATHS = NO;
				CLANG_ANALYZER_NONNULL = YES;
				CLANG_ANALYZER_NUMBER_OBJECT_CONVERSION = YES_AGGRESSIVE;
				CLANG_CXX_LANGUAGE_STANDARD = "gnu++17";
				CLANG_CXX_LIBRARY = "libc++";
				CLANG_ENABLE_MODULES = YES;
				CLANG_ENABLE_OBJC_ARC = YES;
				CLANG_ENABLE_OBJC_WEAK = YES;
				CLANG_WARN_BLOCK_CAPTURE_AUTORELEASING = YES;
				CLANG_WARN_BOOL_CONVERSION = YES;
				CLANG_WARN_COMMA = YES;
				CLANG_WARN_CONSTANT_CONVERSION = YES;
				CLANG_WARN_DEPRECATED_OBJC_IMPLEMENTATIONS = YES;
				CLANG_WARN_DIRECT_OBJC_ISA_USAGE = YES_ERROR;
				CLANG_WARN_DOCUMENTATION_COMMENTS = YES;
				CLANG_WARN_EMPTY_BODY = YES;
				CLANG_WARN_ENUM_CONVERSION = YES;
				CLANG_WARN_INFINITE_RECURSION = YES;
				CLANG_WARN_INT_CONVERSION = YES;
				CLANG_WARN_NON_LITERAL_NULL_CONVERSION = YES;
				CLANG_WARN_OBJC_IMPLICIT_RETAIN_SELF = YES;
				CLANG_WARN_OBJC_LITERAL_CONVERSION = YES;
				CLANG_WARN_OBJC_ROOT_CLASS = YES_ERROR;
				CLANG_WARN_QUOTED_INCLUDE_IN_FRAMEWORK_HEADER = YES;
				CLANG_WARN_RANGE_LOOP_ANALYSIS = YES;
				CLANG_WARN_STRICT_PROTOTYPES = YES;
				CLANG_WARN_SUSPICIOUS_MOVE = YES;
				CLANG_WARN_UNGUARDED_AVAILABILITY = YES_AGGRESSIVE;
				CLANG_WARN_UNREACHABLE_CODE = YES;
				CLANG_WARN__DUPLICATE_METHOD_MATCH = YES;
				COPY_PHASE_STRIP = NO;
				DEBUG_INFORMATION_FORMAT = dwarf;
				ENABLE_STRICT_OBJC_MSGSEND = YES;
				ENABLE_TESTABILITY = YES;
				GCC_C_LANGUAGE_STANDARD = gnu11;
				GCC_DYNAMIC_NO_PIC = NO;
				GCC_NO_COMMON_BLOCKS = YES;
				GCC_OPTIMIZATION_LEVEL = 0;
				GCC_PREPROCESSOR_DEFINITIONS = (
					"DEBUG=1",
					"$(inherited)",
				);
				GCC_WARN_64_TO_32_BIT_CONVERSION = YES;
				GCC_WARN_ABOUT_RETURN_TYPE = YES_ERROR;
				GCC_WARN_UNDECLARED_SELECTOR = YES;
				GCC_WARN_UNINITIALIZED_AUTOS = YES_AGGRESSIVE;
				GCC_WARN_UNUSED_FUNCTION = YES;
				GCC_WARN_UNUSED_VARIABLE = YES;
				IPHONEOS_DEPLOYMENT_TARGET = 15.2;
				MTL_ENABLE_DEBUG_INFO = INCLUDE_SOURCE;
				MTL_FAST_MATH = YES;
				ONLY_ACTIVE_ARCH = YES;
				SDKROOT = iphoneos;
				SWIFT_ACTIVE_COMPILATION_CONDITIONS = DEBUG;
				SWIFT_OPTIMIZATION_LEVEL = "-Onone";
			};
			name = Debug;
		};
		3D9BED3D28CFB76200CA1821 /* Release */ = {
			isa = XCBuildConfiguration;
			buildSettings = {
				ALWAYS_SEARCH_USER_PATHS = NO;
				CLANG_ANALYZER_NONNULL = YES;
				CLANG_ANALYZER_NUMBER_OBJECT_CONVERSION = YES_AGGRESSIVE;
				CLANG_CXX_LANGUAGE_STANDARD = "gnu++17";
				CLANG_CXX_LIBRARY = "libc++";
				CLANG_ENABLE_MODULES = YES;
				CLANG_ENABLE_OBJC_ARC = YES;
				CLANG_ENABLE_OBJC_WEAK = YES;
				CLANG_WARN_BLOCK_CAPTURE_AUTORELEASING = YES;
				CLANG_WARN_BOOL_CONVERSION = YES;
				CLANG_WARN_COMMA = YES;
				CLANG_WARN_CONSTANT_CONVERSION = YES;
				CLANG_WARN_DEPRECATED_OBJC_IMPLEMENTATIONS = YES;
				CLANG_WARN_DIRECT_OBJC_ISA_USAGE = YES_ERROR;
				CLANG_WARN_DOCUMENTATION_COMMENTS = YES;
				CLANG_WARN_EMPTY_BODY = YES;
				CLANG_WARN_ENUM_CONVERSION = YES;
				CLANG_WARN_INFINITE_RECURSION = YES;
				CLANG_WARN_INT_CONVERSION = YES;
				CLANG_WARN_NON_LITERAL_NULL_CONVERSION = YES;
				CLANG_WARN_OBJC_IMPLICIT_RETAIN_SELF = YES;
				CLANG_WARN_OBJC_LITERAL_CONVERSION = YES;
				CLANG_WARN_OBJC_ROOT_CLASS = YES_ERROR;
				CLANG_WARN_QUOTED_INCLUDE_IN_FRAMEWORK_HEADER = YES;
				CLANG_WARN_RANGE_LOOP_ANALYSIS = YES;
				CLANG_WARN_STRICT_PROTOTYPES = YES;
				CLANG_WARN_SUSPICIOUS_MOVE = YES;
				CLANG_WARN_UNGUARDED_AVAILABILITY = YES_AGGRESSIVE;
				CLANG_WARN_UNREACHABLE_CODE = YES;
				CLANG_WARN__DUPLICATE_METHOD_MATCH = YES;
				COPY_PHASE_STRIP = NO;
				DEBUG_INFORMATION_FORMAT = "dwarf-with-dsym";
				ENABLE_NS_ASSERTIONS = NO;
				ENABLE_STRICT_OBJC_MSGSEND = YES;
				GCC_C_LANGUAGE_STANDARD = gnu11;
				GCC_NO_COMMON_BLOCKS = YES;
				GCC_WARN_64_TO_32_BIT_CONVERSION = YES;
				GCC_WARN_ABOUT_RETURN_TYPE = YES_ERROR;
				GCC_WARN_UNDECLARED_SELECTOR = YES;
				GCC_WARN_UNINITIALIZED_AUTOS = YES_AGGRESSIVE;
				GCC_WARN_UNUSED_FUNCTION = YES;
				GCC_WARN_UNUSED_VARIABLE = YES;
				IPHONEOS_DEPLOYMENT_TARGET = 15.2;
				MTL_ENABLE_DEBUG_INFO = NO;
				MTL_FAST_MATH = YES;
				SDKROOT = iphoneos;
				SWIFT_COMPILATION_MODE = wholemodule;
				SWIFT_OPTIMIZATION_LEVEL = "-O";
				VALIDATE_PRODUCT = YES;
			};
			name = Release;
		};
		3D9BED3F28CFB76200CA1821 /* Debug */ = {
			isa = XCBuildConfiguration;
			buildSettings = {
				ASSETCATALOG_COMPILER_APPICON_NAME = AppIcon;
				ASSETCATALOG_COMPILER_GLOBAL_ACCENT_COLOR_NAME = AccentColor;
				CODE_SIGN_STYLE = Automatic;
				CURRENT_PROJECT_VERSION = 1;
				DEVELOPMENT_ASSET_PATHS = "\"MiniChallenge001/Preview Content\"";
				DEVELOPMENT_TEAM = 66824UF4JS;
				ENABLE_PREVIEWS = YES;
				GENERATE_INFOPLIST_FILE = YES;
				INFOPLIST_KEY_UIApplicationSceneManifest_Generation = YES;
				INFOPLIST_KEY_UIApplicationSupportsIndirectInputEvents = YES;
				INFOPLIST_KEY_UILaunchScreen_Generation = YES;
				INFOPLIST_KEY_UISupportedInterfaceOrientations_iPad = "UIInterfaceOrientationPortrait UIInterfaceOrientationPortraitUpsideDown UIInterfaceOrientationLandscapeLeft UIInterfaceOrientationLandscapeRight";
				INFOPLIST_KEY_UISupportedInterfaceOrientations_iPhone = "UIInterfaceOrientationPortrait UIInterfaceOrientationLandscapeLeft UIInterfaceOrientationLandscapeRight";
				LD_RUNPATH_SEARCH_PATHS = (
					"$(inherited)",
					"@executable_path/Frameworks",
				);
				MARKETING_VERSION = 1.0;
				PRODUCT_BUNDLE_IDENTIFIER = Time7.MiniChallenge001;
				PRODUCT_NAME = "$(TARGET_NAME)";
				SWIFT_EMIT_LOC_STRINGS = YES;
				SWIFT_VERSION = 5.0;
				TARGETED_DEVICE_FAMILY = "1,2";
			};
			name = Debug;
		};
		3D9BED4028CFB76200CA1821 /* Release */ = {
			isa = XCBuildConfiguration;
			buildSettings = {
				ASSETCATALOG_COMPILER_APPICON_NAME = AppIcon;
				ASSETCATALOG_COMPILER_GLOBAL_ACCENT_COLOR_NAME = AccentColor;
				CODE_SIGN_STYLE = Automatic;
				CURRENT_PROJECT_VERSION = 1;
				DEVELOPMENT_ASSET_PATHS = "\"MiniChallenge001/Preview Content\"";
				DEVELOPMENT_TEAM = 66824UF4JS;
				ENABLE_PREVIEWS = YES;
				GENERATE_INFOPLIST_FILE = YES;
				INFOPLIST_KEY_UIApplicationSceneManifest_Generation = YES;
				INFOPLIST_KEY_UIApplicationSupportsIndirectInputEvents = YES;
				INFOPLIST_KEY_UILaunchScreen_Generation = YES;
				INFOPLIST_KEY_UISupportedInterfaceOrientations_iPad = "UIInterfaceOrientationPortrait UIInterfaceOrientationPortraitUpsideDown UIInterfaceOrientationLandscapeLeft UIInterfaceOrientationLandscapeRight";
				INFOPLIST_KEY_UISupportedInterfaceOrientations_iPhone = "UIInterfaceOrientationPortrait UIInterfaceOrientationLandscapeLeft UIInterfaceOrientationLandscapeRight";
				LD_RUNPATH_SEARCH_PATHS = (
					"$(inherited)",
					"@executable_path/Frameworks",
				);
				MARKETING_VERSION = 1.0;
				PRODUCT_BUNDLE_IDENTIFIER = Time7.MiniChallenge001;
				PRODUCT_NAME = "$(TARGET_NAME)";
				SWIFT_EMIT_LOC_STRINGS = YES;
				SWIFT_VERSION = 5.0;
				TARGETED_DEVICE_FAMILY = "1,2";
			};
			name = Release;
		};
		3D9BED4228CFB76200CA1821 /* Debug */ = {
			isa = XCBuildConfiguration;
			buildSettings = {
				ALWAYS_EMBED_SWIFT_STANDARD_LIBRARIES = YES;
				BUNDLE_LOADER = "$(TEST_HOST)";
				CODE_SIGN_STYLE = Automatic;
				CURRENT_PROJECT_VERSION = 1;
				DEVELOPMENT_TEAM = 66824UF4JS;
				GENERATE_INFOPLIST_FILE = YES;
				IPHONEOS_DEPLOYMENT_TARGET = 15.2;
				MARKETING_VERSION = 1.0;
				PRODUCT_BUNDLE_IDENTIFIER = Time7.MiniChallenge001Tests;
				PRODUCT_NAME = "$(TARGET_NAME)";
				SWIFT_EMIT_LOC_STRINGS = NO;
				SWIFT_VERSION = 5.0;
				TARGETED_DEVICE_FAMILY = "1,2";
				TEST_HOST = "$(BUILT_PRODUCTS_DIR)/MiniChallenge001.app/MiniChallenge001";
			};
			name = Debug;
		};
		3D9BED4328CFB76200CA1821 /* Release */ = {
			isa = XCBuildConfiguration;
			buildSettings = {
				ALWAYS_EMBED_SWIFT_STANDARD_LIBRARIES = YES;
				BUNDLE_LOADER = "$(TEST_HOST)";
				CODE_SIGN_STYLE = Automatic;
				CURRENT_PROJECT_VERSION = 1;
				DEVELOPMENT_TEAM = 66824UF4JS;
				GENERATE_INFOPLIST_FILE = YES;
				IPHONEOS_DEPLOYMENT_TARGET = 15.2;
				MARKETING_VERSION = 1.0;
				PRODUCT_BUNDLE_IDENTIFIER = Time7.MiniChallenge001Tests;
				PRODUCT_NAME = "$(TARGET_NAME)";
				SWIFT_EMIT_LOC_STRINGS = NO;
				SWIFT_VERSION = 5.0;
				TARGETED_DEVICE_FAMILY = "1,2";
				TEST_HOST = "$(BUILT_PRODUCTS_DIR)/MiniChallenge001.app/MiniChallenge001";
			};
			name = Release;
		};
		3D9BED4528CFB76200CA1821 /* Debug */ = {
			isa = XCBuildConfiguration;
			buildSettings = {
				ALWAYS_EMBED_SWIFT_STANDARD_LIBRARIES = YES;
				CODE_SIGN_STYLE = Automatic;
				CURRENT_PROJECT_VERSION = 1;
				DEVELOPMENT_TEAM = 66824UF4JS;
				GENERATE_INFOPLIST_FILE = YES;
				MARKETING_VERSION = 1.0;
				PRODUCT_BUNDLE_IDENTIFIER = Time7.MiniChallenge001UITests;
				PRODUCT_NAME = "$(TARGET_NAME)";
				SWIFT_EMIT_LOC_STRINGS = NO;
				SWIFT_VERSION = 5.0;
				TARGETED_DEVICE_FAMILY = "1,2";
				TEST_TARGET_NAME = MiniChallenge001;
			};
			name = Debug;
		};
		3D9BED4628CFB76200CA1821 /* Release */ = {
			isa = XCBuildConfiguration;
			buildSettings = {
				ALWAYS_EMBED_SWIFT_STANDARD_LIBRARIES = YES;
				CODE_SIGN_STYLE = Automatic;
				CURRENT_PROJECT_VERSION = 1;
				DEVELOPMENT_TEAM = 66824UF4JS;
				GENERATE_INFOPLIST_FILE = YES;
				MARKETING_VERSION = 1.0;
				PRODUCT_BUNDLE_IDENTIFIER = Time7.MiniChallenge001UITests;
				PRODUCT_NAME = "$(TARGET_NAME)";
				SWIFT_EMIT_LOC_STRINGS = NO;
				SWIFT_VERSION = 5.0;
				TARGETED_DEVICE_FAMILY = "1,2";
				TEST_TARGET_NAME = MiniChallenge001;
			};
			name = Release;
		};
/* End XCBuildConfiguration section */

/* Begin XCConfigurationList section */
		3D9BED1028CFB76000CA1821 /* Build configuration list for PBXProject "MiniChallenge001" */ = {
			isa = XCConfigurationList;
			buildConfigurations = (
				3D9BED3C28CFB76200CA1821 /* Debug */,
				3D9BED3D28CFB76200CA1821 /* Release */,
			);
			defaultConfigurationIsVisible = 0;
			defaultConfigurationName = Release;
		};
		3D9BED3E28CFB76200CA1821 /* Build configuration list for PBXNativeTarget "MiniChallenge001" */ = {
			isa = XCConfigurationList;
			buildConfigurations = (
				3D9BED3F28CFB76200CA1821 /* Debug */,
				3D9BED4028CFB76200CA1821 /* Release */,
			);
			defaultConfigurationIsVisible = 0;
			defaultConfigurationName = Release;
		};
		3D9BED4128CFB76200CA1821 /* Build configuration list for PBXNativeTarget "MiniChallenge001Tests" */ = {
			isa = XCConfigurationList;
			buildConfigurations = (
				3D9BED4228CFB76200CA1821 /* Debug */,
				3D9BED4328CFB76200CA1821 /* Release */,
			);
			defaultConfigurationIsVisible = 0;
			defaultConfigurationName = Release;
		};
		3D9BED4428CFB76200CA1821 /* Build configuration list for PBXNativeTarget "MiniChallenge001UITests" */ = {
			isa = XCConfigurationList;
			buildConfigurations = (
				3D9BED4528CFB76200CA1821 /* Debug */,
				3D9BED4628CFB76200CA1821 /* Release */,
			);
			defaultConfigurationIsVisible = 0;
			defaultConfigurationName = Release;
		};
/* End XCConfigurationList section */
	};
	rootObject = 3D9BED0D28CFB76000CA1821 /* Project object */;
}
