// !$*UTF8*$!
{
	archiveVersion = 1;
	classes = {
	};
	objectVersion = 55;
	objects = {

/* Begin PBXBuildFile section */
		093F602428F0D5E0006A8911 /* Condicoes.swift in Sources */ = {isa = PBXBuildFile; fileRef = 093F602328F0D5E0006A8911 /* Condicoes.swift */; };
		093F602628F8940C006A8911 /* Caracteristicas.swift in Sources */ = {isa = PBXBuildFile; fileRef = 093F602528F8940C006A8911 /* Caracteristicas.swift */; };
		09B5569228DA6156001466B0 /* Habilidades.swift in Sources */ = {isa = PBXBuildFile; fileRef = 09B5568B28DA6154001466B0 /* Habilidades.swift */; };
		09B5569328DA6156001466B0 /* SheetTabView.swift in Sources */ = {isa = PBXBuildFile; fileRef = 09B5568C28DA6155001466B0 /* SheetTabView.swift */; };
		09B5569428DA6156001466B0 /* Inventario.swift in Sources */ = {isa = PBXBuildFile; fileRef = 09B5568D28DA6155001466B0 /* Inventario.swift */; };
		09B5569528DA6156001466B0 /* Atributos.swift in Sources */ = {isa = PBXBuildFile; fileRef = 09B5568E28DA6155001466B0 /* Atributos.swift */; };
		09B5569628DA6156001466B0 /* Identidade.swift in Sources */ = {isa = PBXBuildFile; fileRef = 09B5568F28DA6156001466B0 /* Identidade.swift */; };
		09B5569728DA6156001466B0 /* ContentView.swift in Sources */ = {isa = PBXBuildFile; fileRef = 09B5569028DA6156001466B0 /* ContentView.swift */; };
		09B5569828DA6156001466B0 /* Combate.swift in Sources */ = {isa = PBXBuildFile; fileRef = 09B5569128DA6156001466B0 /* Combate.swift */; };
		1214FE8328F09CE800E15113 /* EscolhaEquipamento.swift in Sources */ = {isa = PBXBuildFile; fileRef = 1214FE8228F09CE800E15113 /* EscolhaEquipamento.swift */; };
		1214FE8528F101D700E15113 /* DetalhesCaracteristicaClasse.swift in Sources */ = {isa = PBXBuildFile; fileRef = 1214FE8428F101D700E15113 /* DetalhesCaracteristicaClasse.swift */; };
		1214FE8828F10A7800E15113 /* SelecaoAntecedenteView.swift in Sources */ = {isa = PBXBuildFile; fileRef = 1214FE8728F10A7800E15113 /* SelecaoAntecedenteView.swift */; };
		1214FE8A28F4681D00E15113 /* CriacaoCaracteristica.swift in Sources */ = {isa = PBXBuildFile; fileRef = 1214FE8928F4681D00E15113 /* CriacaoCaracteristica.swift */; };
		1214FE8C28F486C200E15113 /* CriacaoDescricao.swift in Sources */ = {isa = PBXBuildFile; fileRef = 1214FE8B28F486C200E15113 /* CriacaoDescricao.swift */; };
		1214FE8E28F4B3D800E15113 /* ImagePicker.swift in Sources */ = {isa = PBXBuildFile; fileRef = 1214FE8D28F4B3D700E15113 /* ImagePicker.swift */; };
		1214FE9028F4DEA400E15113 /* CriacaoAtributos.swift in Sources */ = {isa = PBXBuildFile; fileRef = 1214FE8F28F4DEA400E15113 /* CriacaoAtributos.swift */; };
		122E948228E21EE100184F88 /* CaracteristicaJSON.swift in Sources */ = {isa = PBXBuildFile; fileRef = 122E948128E21EE100184F88 /* CaracteristicaJSON.swift */; };
		122E948428E21F2000184F88 /* TraitJSON.swift in Sources */ = {isa = PBXBuildFile; fileRef = 122E948328E21F2000184F88 /* TraitJSON.swift */; };
		122E948628E2205300184F88 /* SheetsViewModel.swift in Sources */ = {isa = PBXBuildFile; fileRef = 122E948528E2205300184F88 /* SheetsViewModel.swift */; };
		1247FBC128FDE9D0004FF076 /* AlterarNivelView.swift in Sources */ = {isa = PBXBuildFile; fileRef = 1247FBC028FDE9D0004FF076 /* AlterarNivelView.swift */; };
		12535F4B28E323F60020A005 /* DetalhesTracoView.swift in Sources */ = {isa = PBXBuildFile; fileRef = 12535F4A28E323F60020A005 /* DetalhesTracoView.swift */; };
		125B251628EE03DB00B60168 /* EscolhaProficienciaView.swift in Sources */ = {isa = PBXBuildFile; fileRef = 125B251528EE03DB00B60168 /* EscolhaProficienciaView.swift */; };
		126ABAE128DB38C100CF5A2E /* JsonFileUtil.swift in Sources */ = {isa = PBXBuildFile; fileRef = 126ABAE028DB38C100CF5A2E /* JsonFileUtil.swift */; };
		126ABAE328DB38E000CF5A2E /* Content in Resources */ = {isa = PBXBuildFile; fileRef = 126ABAE228DB38E000CF5A2E /* Content */; };
		126ABAF128DB3D5200CF5A2E /* MagiaJSON.swift in Sources */ = {isa = PBXBuildFile; fileRef = 126ABAE528DB3D5000CF5A2E /* MagiaJSON.swift */; };
		126ABAF228DB3D5200CF5A2E /* Moeda.swift in Sources */ = {isa = PBXBuildFile; fileRef = 126ABAE628DB3D5000CF5A2E /* Moeda.swift */; };
		126ABAF328DB3D5200CF5A2E /* VeiculoAquaticoJSON.swift in Sources */ = {isa = PBXBuildFile; fileRef = 126ABAE728DB3D5100CF5A2E /* VeiculoAquaticoJSON.swift */; };
		126ABAF428DB3D5200CF5A2E /* MontariaJSON.swift in Sources */ = {isa = PBXBuildFile; fileRef = 126ABAE828DB3D5100CF5A2E /* MontariaJSON.swift */; };
		126ABAF528DB3D5200CF5A2E /* EquipamentoJSON.swift in Sources */ = {isa = PBXBuildFile; fileRef = 126ABAE928DB3D5100CF5A2E /* EquipamentoJSON.swift */; };
		126ABAF628DB3D5200CF5A2E /* EquipamentoMontariaJSON.swift in Sources */ = {isa = PBXBuildFile; fileRef = 126ABAEA28DB3D5100CF5A2E /* EquipamentoMontariaJSON.swift */; };
		126ABAF728DB3D5200CF5A2E /* ArmaJSON.swift in Sources */ = {isa = PBXBuildFile; fileRef = 126ABAEB28DB3D5100CF5A2E /* ArmaJSON.swift */; };
		126ABAF828DB3D5200CF5A2E /* FerramentaJSON.swift in Sources */ = {isa = PBXBuildFile; fileRef = 126ABAEC28DB3D5100CF5A2E /* FerramentaJSON.swift */; };
		126ABAF928DB3D5200CF5A2E /* BugigangaJSON.swift in Sources */ = {isa = PBXBuildFile; fileRef = 126ABAED28DB3D5100CF5A2E /* BugigangaJSON.swift */; };
		126ABAFA28DB3D5200CF5A2E /* ArmaduraJSON.swift in Sources */ = {isa = PBXBuildFile; fileRef = 126ABAEE28DB3D5100CF5A2E /* ArmaduraJSON.swift */; };
		126ABAFB28DB3D5200CF5A2E /* Json.swift in Sources */ = {isa = PBXBuildFile; fileRef = 126ABAEF28DB3D5100CF5A2E /* Json.swift */; };
		126ABB2B28DD25F100CF5A2E /* TodasHabilidadesView.swift in Sources */ = {isa = PBXBuildFile; fileRef = 126ABB2A28DD25F100CF5A2E /* TodasHabilidadesView.swift */; };
		126ABB2D28DD26DF00CF5A2E /* DescricaoMagiaView.swift in Sources */ = {isa = PBXBuildFile; fileRef = 126ABB2C28DD26DF00CF5A2E /* DescricaoMagiaView.swift */; };
		126ABB3328DE3EE200CF5A2E /* MainView.swift in Sources */ = {isa = PBXBuildFile; fileRef = 126ABB3228DE3EE200CF5A2E /* MainView.swift */; };
		126ABB3D28DF3AF200CF5A2E /* CriacaoMain.swift in Sources */ = {isa = PBXBuildFile; fileRef = 126ABB3C28DF3AF200CF5A2E /* CriacaoMain.swift */; };
		12CC7ABF28E10E24000AB35B /* SelecaoRacaView.swift in Sources */ = {isa = PBXBuildFile; fileRef = 12CC7ABE28E10E24000AB35B /* SelecaoRacaView.swift */; };
		12FEBA2828E7A6CB00DBB6EF /* SelecaoClasseView.swift in Sources */ = {isa = PBXBuildFile; fileRef = 12FEBA2728E7A6CB00DBB6EF /* SelecaoClasseView.swift */; };
		12FEBA2A28E8A26A00DBB6EF /* EditarRiquezaView.swift in Sources */ = {isa = PBXBuildFile; fileRef = 12FEBA2928E8A26A00DBB6EF /* EditarRiquezaView.swift */; };
		3D28DBA728E62A99005F71AC /* RacaFinalBuilder.swift in Sources */ = {isa = PBXBuildFile; fileRef = 3D28DBA628E62A99005F71AC /* RacaFinalBuilder.swift */; };
		3D28DBA928E62D64005F71AC /* RacaFinal.swift in Sources */ = {isa = PBXBuildFile; fileRef = 3D28DBA828E62D64005F71AC /* RacaFinal.swift */; };
		3D3DC35628DC09F00093BD92 /* ClasseBuilder.swift in Sources */ = {isa = PBXBuildFile; fileRef = 3D3DC35528DC09F00093BD92 /* ClasseBuilder.swift */; };
		3D3DC35828DC13880093BD92 /* ClasseDirector.swift in Sources */ = {isa = PBXBuildFile; fileRef = 3D3DC35728DC13880093BD92 /* ClasseDirector.swift */; };
		3D3DC35D28DC14B30093BD92 /* ClasseClient.swift in Sources */ = {isa = PBXBuildFile; fileRef = 3D3DC35C28DC14B30093BD92 /* ClasseClient.swift */; };
		3D3DC35F28DC15310093BD92 /* ClasseConcreteBuilder.swift in Sources */ = {isa = PBXBuildFile; fileRef = 3D3DC35E28DC15310093BD92 /* ClasseConcreteBuilder.swift */; };
		3D40A77328F9D1FC00607263 /* AntecedenteFinal.swift in Sources */ = {isa = PBXBuildFile; fileRef = 3D40A77228F9D1FC00607263 /* AntecedenteFinal.swift */; };
		3D40A77528F9D20E00607263 /* AntecedenteFinalDirector.swift in Sources */ = {isa = PBXBuildFile; fileRef = 3D40A77428F9D20E00607263 /* AntecedenteFinalDirector.swift */; };
		3D40A77728F9D21F00607263 /* AntecedenteFinalConcreteBuilder.swift in Sources */ = {isa = PBXBuildFile; fileRef = 3D40A77628F9D21F00607263 /* AntecedenteFinalConcreteBuilder.swift */; };
		3D40A77928F9D22D00607263 /* AntecedenteFinalBuilder.swift in Sources */ = {isa = PBXBuildFile; fileRef = 3D40A77828F9D22C00607263 /* AntecedenteFinalBuilder.swift */; };
		3D60C63B28DB80FE0051676A /* PersonagemBuilder.swift in Sources */ = {isa = PBXBuildFile; fileRef = 3D60C63928DB80FE0051676A /* PersonagemBuilder.swift */; };
		3D60C63C28DB80FE0051676A /* ClasseEscolha.swift in Sources */ = {isa = PBXBuildFile; fileRef = 3D60C63A28DB80FE0051676A /* ClasseEscolha.swift */; };
		3D696F8F28DE130A000F1D62 /* OpcaoEquipamento.swift in Sources */ = {isa = PBXBuildFile; fileRef = 3D696F8E28DE130A000F1D62 /* OpcaoEquipamento.swift */; };
		3D6F868328E0CD5B0022D0BE /* RacaBuilder.swift in Sources */ = {isa = PBXBuildFile; fileRef = 3D6F868228E0CD5B0022D0BE /* RacaBuilder.swift */; };
		3D6F868528E0CD6B0022D0BE /* RacaConcreteBuilder.swift in Sources */ = {isa = PBXBuildFile; fileRef = 3D6F868428E0CD6B0022D0BE /* RacaConcreteBuilder.swift */; };
		3D6F868728E0CD760022D0BE /* RacaClient.swift in Sources */ = {isa = PBXBuildFile; fileRef = 3D6F868628E0CD760022D0BE /* RacaClient.swift */; };
		3D6F868928E0CD830022D0BE /* RacaEscolha.swift in Sources */ = {isa = PBXBuildFile; fileRef = 3D6F868828E0CD830022D0BE /* RacaEscolha.swift */; };
		3D6F868B28E0D3F00022D0BE /* ViewModel.swift in Sources */ = {isa = PBXBuildFile; fileRef = 3D6F868A28E0D3F00022D0BE /* ViewModel.swift */; };
		3D6F868D28E0E84D0022D0BE /* RacaDirector.swift in Sources */ = {isa = PBXBuildFile; fileRef = 3D6F868C28E0E84D0022D0BE /* RacaDirector.swift */; };
		3D6F868F28E11B910022D0BE /* BuscaJson.swift in Sources */ = {isa = PBXBuildFile; fileRef = 3D6F868E28E11B910022D0BE /* BuscaJson.swift */; };
		3D6F869228E11BEB0022D0BE /* AntecedenteEscolha.swift in Sources */ = {isa = PBXBuildFile; fileRef = 3D6F869128E11BEB0022D0BE /* AntecedenteEscolha.swift */; };
		3D6F869428E11BF70022D0BE /* AntecedenteDirector.swift in Sources */ = {isa = PBXBuildFile; fileRef = 3D6F869328E11BF70022D0BE /* AntecedenteDirector.swift */; };
		3D6F869628E11C070022D0BE /* AntecedenteClient.swift in Sources */ = {isa = PBXBuildFile; fileRef = 3D6F869528E11C070022D0BE /* AntecedenteClient.swift */; };
		3D6F869828E11C160022D0BE /* AntecedenteConcreteBuilder.swift in Sources */ = {isa = PBXBuildFile; fileRef = 3D6F869728E11C160022D0BE /* AntecedenteConcreteBuilder.swift */; };
		3D6F869A28E11C200022D0BE /* AntecedenteBuilder.swift in Sources */ = {isa = PBXBuildFile; fileRef = 3D6F869928E11C200022D0BE /* AntecedenteBuilder.swift */; };
		3D9BED1928CFB76000CA1821 /* MiniChallenge001App.swift in Sources */ = {isa = PBXBuildFile; fileRef = 3D9BED1828CFB76000CA1821 /* MiniChallenge001App.swift */; };
		3D9BED1D28CFB76200CA1821 /* Assets.xcassets in Resources */ = {isa = PBXBuildFile; fileRef = 3D9BED1C28CFB76200CA1821 /* Assets.xcassets */; };
		3D9BED2028CFB76200CA1821 /* Preview Assets.xcassets in Resources */ = {isa = PBXBuildFile; fileRef = 3D9BED1F28CFB76200CA1821 /* Preview Assets.xcassets */; };
		3D9BED2F28CFB76200CA1821 /* MiniChallenge001Tests.swift in Sources */ = {isa = PBXBuildFile; fileRef = 3D9BED2E28CFB76200CA1821 /* MiniChallenge001Tests.swift */; };
		3D9BED3928CFB76200CA1821 /* MiniChallenge001UITests.swift in Sources */ = {isa = PBXBuildFile; fileRef = 3D9BED3828CFB76200CA1821 /* MiniChallenge001UITests.swift */; };
		3D9BED3B28CFB76200CA1821 /* MiniChallenge001UITestsLaunchTests.swift in Sources */ = {isa = PBXBuildFile; fileRef = 3D9BED3A28CFB76200CA1821 /* MiniChallenge001UITestsLaunchTests.swift */; };
		3D9CD65728FDC45300CD4077 /* PersonagemConcreteBuilder.swift in Sources */ = {isa = PBXBuildFile; fileRef = 3D9CD65628FDC45300CD4077 /* PersonagemConcreteBuilder.swift */; };
		3D9CD65928FDC46300CD4077 /* PersonagemDirector.swift in Sources */ = {isa = PBXBuildFile; fileRef = 3D9CD65828FDC46300CD4077 /* PersonagemDirector.swift */; };
		3D9CD65B28FDD07F00CD4077 /* PersonagemClient.swift in Sources */ = {isa = PBXBuildFile; fileRef = 3D9CD65A28FDD07E00CD4077 /* PersonagemClient.swift */; };
		3DB929A528ECA6B20075F0D9 /* RacaFinalDirector.swift in Sources */ = {isa = PBXBuildFile; fileRef = 3DB929A428ECA6B20075F0D9 /* RacaFinalDirector.swift */; };
		3DB929AB28ECC0E50075F0D9 /* ClasseFinal.swift in Sources */ = {isa = PBXBuildFile; fileRef = 3DB929AA28ECC0E50075F0D9 /* ClasseFinal.swift */; };
		3DB929AD28ECC1120075F0D9 /* ClasseFinalDirector.swift in Sources */ = {isa = PBXBuildFile; fileRef = 3DB929AC28ECC1120075F0D9 /* ClasseFinalDirector.swift */; };
		3DB929AF28ECC1280075F0D9 /* ClasseFinalConcreteBuilder.swift in Sources */ = {isa = PBXBuildFile; fileRef = 3DB929AE28ECC1280075F0D9 /* ClasseFinalConcreteBuilder.swift */; };
		3DB929B128ECC13B0075F0D9 /* ClasseFinalBuilder.swift in Sources */ = {isa = PBXBuildFile; fileRef = 3DB929B028ECC13B0075F0D9 /* ClasseFinalBuilder.swift */; };
		3DF24F8728E1CC82006C0AAE /* RacaFicha.swift in Sources */ = {isa = PBXBuildFile; fileRef = 3DF24F8628E1CC82006C0AAE /* RacaFicha.swift */; };
		3DF24F8B28E1CC99006C0AAE /* ClasseFicha.swift in Sources */ = {isa = PBXBuildFile; fileRef = 3DF24F8A28E1CC99006C0AAE /* ClasseFicha.swift */; };
		3DF24F8D28E1CCB0006C0AAE /* PersonagemFicha.swift in Sources */ = {isa = PBXBuildFile; fileRef = 3DF24F8C28E1CCB0006C0AAE /* PersonagemFicha.swift */; };
		3DF24F9728E200DF006C0AAE /* PacoteFactory.swift in Sources */ = {isa = PBXBuildFile; fileRef = 3DF24F9628E200DF006C0AAE /* PacoteFactory.swift */; };
		3DF7C31128E78BD900DC3795 /* RacaFinalConcreteBuilder.swift in Sources */ = {isa = PBXBuildFile; fileRef = 3DF7C31028E78BD900DC3795 /* RacaFinalConcreteBuilder.swift */; };
/* End PBXBuildFile section */

/* Begin PBXContainerItemProxy section */
		3D9BED2B28CFB76200CA1821 /* PBXContainerItemProxy */ = {
			isa = PBXContainerItemProxy;
			containerPortal = 3D9BED0D28CFB76000CA1821 /* Project object */;
			proxyType = 1;
			remoteGlobalIDString = 3D9BED1428CFB76000CA1821;
			remoteInfo = MiniChallenge001;
		};
		3D9BED3528CFB76200CA1821 /* PBXContainerItemProxy */ = {
			isa = PBXContainerItemProxy;
			containerPortal = 3D9BED0D28CFB76000CA1821 /* Project object */;
			proxyType = 1;
			remoteGlobalIDString = 3D9BED1428CFB76000CA1821;
			remoteInfo = MiniChallenge001;
		};
/* End PBXContainerItemProxy section */

/* Begin PBXFileReference section */
		093F602328F0D5E0006A8911 /* Condicoes.swift */ = {isa = PBXFileReference; lastKnownFileType = sourcecode.swift; path = Condicoes.swift; sourceTree = "<group>"; };
		093F602528F8940C006A8911 /* Caracteristicas.swift */ = {isa = PBXFileReference; lastKnownFileType = sourcecode.swift; path = Caracteristicas.swift; sourceTree = "<group>"; };
		09B5568B28DA6154001466B0 /* Habilidades.swift */ = {isa = PBXFileReference; fileEncoding = 4; lastKnownFileType = sourcecode.swift; path = Habilidades.swift; sourceTree = "<group>"; };
		09B5568C28DA6155001466B0 /* SheetTabView.swift */ = {isa = PBXFileReference; fileEncoding = 4; lastKnownFileType = sourcecode.swift; path = SheetTabView.swift; sourceTree = "<group>"; };
		09B5568D28DA6155001466B0 /* Inventario.swift */ = {isa = PBXFileReference; fileEncoding = 4; lastKnownFileType = sourcecode.swift; path = Inventario.swift; sourceTree = "<group>"; };
		09B5568E28DA6155001466B0 /* Atributos.swift */ = {isa = PBXFileReference; fileEncoding = 4; lastKnownFileType = sourcecode.swift; path = Atributos.swift; sourceTree = "<group>"; };
		09B5568F28DA6156001466B0 /* Identidade.swift */ = {isa = PBXFileReference; fileEncoding = 4; lastKnownFileType = sourcecode.swift; path = Identidade.swift; sourceTree = "<group>"; };
		09B5569028DA6156001466B0 /* ContentView.swift */ = {isa = PBXFileReference; fileEncoding = 4; lastKnownFileType = sourcecode.swift; path = ContentView.swift; sourceTree = "<group>"; };
		09B5569128DA6156001466B0 /* Combate.swift */ = {isa = PBXFileReference; fileEncoding = 4; lastKnownFileType = sourcecode.swift; path = Combate.swift; sourceTree = "<group>"; };
		1214FE8228F09CE800E15113 /* EscolhaEquipamento.swift */ = {isa = PBXFileReference; lastKnownFileType = sourcecode.swift; path = EscolhaEquipamento.swift; sourceTree = "<group>"; };
		1214FE8428F101D700E15113 /* DetalhesCaracteristicaClasse.swift */ = {isa = PBXFileReference; lastKnownFileType = sourcecode.swift; path = DetalhesCaracteristicaClasse.swift; sourceTree = "<group>"; };
		1214FE8728F10A7800E15113 /* SelecaoAntecedenteView.swift */ = {isa = PBXFileReference; lastKnownFileType = sourcecode.swift; path = SelecaoAntecedenteView.swift; sourceTree = "<group>"; };
		1214FE8928F4681D00E15113 /* CriacaoCaracteristica.swift */ = {isa = PBXFileReference; lastKnownFileType = sourcecode.swift; path = CriacaoCaracteristica.swift; sourceTree = "<group>"; };
		1214FE8B28F486C200E15113 /* CriacaoDescricao.swift */ = {isa = PBXFileReference; lastKnownFileType = sourcecode.swift; path = CriacaoDescricao.swift; sourceTree = "<group>"; };
		1214FE8D28F4B3D700E15113 /* ImagePicker.swift */ = {isa = PBXFileReference; lastKnownFileType = sourcecode.swift; path = ImagePicker.swift; sourceTree = "<group>"; };
		1214FE8F28F4DEA400E15113 /* CriacaoAtributos.swift */ = {isa = PBXFileReference; lastKnownFileType = sourcecode.swift; path = CriacaoAtributos.swift; sourceTree = "<group>"; };
		122E948128E21EE100184F88 /* CaracteristicaJSON.swift */ = {isa = PBXFileReference; lastKnownFileType = sourcecode.swift; path = CaracteristicaJSON.swift; sourceTree = "<group>"; };
		122E948328E21F2000184F88 /* TraitJSON.swift */ = {isa = PBXFileReference; lastKnownFileType = sourcecode.swift; path = TraitJSON.swift; sourceTree = "<group>"; };
		122E948528E2205300184F88 /* SheetsViewModel.swift */ = {isa = PBXFileReference; lastKnownFileType = sourcecode.swift; path = SheetsViewModel.swift; sourceTree = "<group>"; };
		1247FBC028FDE9D0004FF076 /* AlterarNivelView.swift */ = {isa = PBXFileReference; lastKnownFileType = sourcecode.swift; path = AlterarNivelView.swift; sourceTree = "<group>"; };
		12535F4A28E323F60020A005 /* DetalhesTracoView.swift */ = {isa = PBXFileReference; lastKnownFileType = sourcecode.swift; path = DetalhesTracoView.swift; sourceTree = "<group>"; };
		125B251528EE03DB00B60168 /* EscolhaProficienciaView.swift */ = {isa = PBXFileReference; lastKnownFileType = sourcecode.swift; path = EscolhaProficienciaView.swift; sourceTree = "<group>"; };
		126ABAE028DB38C100CF5A2E /* JsonFileUtil.swift */ = {isa = PBXFileReference; lastKnownFileType = sourcecode.swift; name = JsonFileUtil.swift; path = MiniChallenge001/Model/JsonFileUtil.swift; sourceTree = SOURCE_ROOT; };
		126ABAE228DB38E000CF5A2E /* Content */ = {isa = PBXFileReference; lastKnownFileType = folder; path = Content; sourceTree = SOURCE_ROOT; };
		126ABAE528DB3D5000CF5A2E /* MagiaJSON.swift */ = {isa = PBXFileReference; fileEncoding = 4; lastKnownFileType = sourcecode.swift; path = MagiaJSON.swift; sourceTree = "<group>"; };
		126ABAE628DB3D5000CF5A2E /* Moeda.swift */ = {isa = PBXFileReference; fileEncoding = 4; lastKnownFileType = sourcecode.swift; path = Moeda.swift; sourceTree = "<group>"; };
		126ABAE728DB3D5100CF5A2E /* VeiculoAquaticoJSON.swift */ = {isa = PBXFileReference; fileEncoding = 4; lastKnownFileType = sourcecode.swift; path = VeiculoAquaticoJSON.swift; sourceTree = "<group>"; };
		126ABAE828DB3D5100CF5A2E /* MontariaJSON.swift */ = {isa = PBXFileReference; fileEncoding = 4; lastKnownFileType = sourcecode.swift; path = MontariaJSON.swift; sourceTree = "<group>"; };
		126ABAE928DB3D5100CF5A2E /* EquipamentoJSON.swift */ = {isa = PBXFileReference; fileEncoding = 4; lastKnownFileType = sourcecode.swift; path = EquipamentoJSON.swift; sourceTree = "<group>"; };
		126ABAEA28DB3D5100CF5A2E /* EquipamentoMontariaJSON.swift */ = {isa = PBXFileReference; fileEncoding = 4; lastKnownFileType = sourcecode.swift; path = EquipamentoMontariaJSON.swift; sourceTree = "<group>"; };
		126ABAEB28DB3D5100CF5A2E /* ArmaJSON.swift */ = {isa = PBXFileReference; fileEncoding = 4; lastKnownFileType = sourcecode.swift; path = ArmaJSON.swift; sourceTree = "<group>"; };
		126ABAEC28DB3D5100CF5A2E /* FerramentaJSON.swift */ = {isa = PBXFileReference; fileEncoding = 4; lastKnownFileType = sourcecode.swift; path = FerramentaJSON.swift; sourceTree = "<group>"; };
		126ABAED28DB3D5100CF5A2E /* BugigangaJSON.swift */ = {isa = PBXFileReference; fileEncoding = 4; lastKnownFileType = sourcecode.swift; path = BugigangaJSON.swift; sourceTree = "<group>"; };
		126ABAEE28DB3D5100CF5A2E /* ArmaduraJSON.swift */ = {isa = PBXFileReference; fileEncoding = 4; lastKnownFileType = sourcecode.swift; path = ArmaduraJSON.swift; sourceTree = "<group>"; };
		126ABAEF28DB3D5100CF5A2E /* Json.swift */ = {isa = PBXFileReference; fileEncoding = 4; lastKnownFileType = sourcecode.swift; path = Json.swift; sourceTree = "<group>"; };
		126ABB2A28DD25F100CF5A2E /* TodasHabilidadesView.swift */ = {isa = PBXFileReference; lastKnownFileType = sourcecode.swift; path = TodasHabilidadesView.swift; sourceTree = "<group>"; };
		126ABB2C28DD26DF00CF5A2E /* DescricaoMagiaView.swift */ = {isa = PBXFileReference; lastKnownFileType = sourcecode.swift; path = DescricaoMagiaView.swift; sourceTree = "<group>"; };
		126ABB3228DE3EE200CF5A2E /* MainView.swift */ = {isa = PBXFileReference; lastKnownFileType = sourcecode.swift; path = MainView.swift; sourceTree = "<group>"; };
		126ABB3C28DF3AF200CF5A2E /* CriacaoMain.swift */ = {isa = PBXFileReference; lastKnownFileType = sourcecode.swift; path = CriacaoMain.swift; sourceTree = "<group>"; };
		12CC7ABE28E10E24000AB35B /* SelecaoRacaView.swift */ = {isa = PBXFileReference; lastKnownFileType = sourcecode.swift; path = SelecaoRacaView.swift; sourceTree = "<group>"; };
		12FEBA2728E7A6CB00DBB6EF /* SelecaoClasseView.swift */ = {isa = PBXFileReference; lastKnownFileType = sourcecode.swift; path = SelecaoClasseView.swift; sourceTree = "<group>"; };
		12FEBA2928E8A26A00DBB6EF /* EditarRiquezaView.swift */ = {isa = PBXFileReference; lastKnownFileType = sourcecode.swift; path = EditarRiquezaView.swift; sourceTree = "<group>"; };
		3D28DBA628E62A99005F71AC /* RacaFinalBuilder.swift */ = {isa = PBXFileReference; lastKnownFileType = sourcecode.swift; path = RacaFinalBuilder.swift; sourceTree = "<group>"; };
		3D28DBA828E62D64005F71AC /* RacaFinal.swift */ = {isa = PBXFileReference; lastKnownFileType = sourcecode.swift; path = RacaFinal.swift; sourceTree = "<group>"; };
		3D3DC35528DC09F00093BD92 /* ClasseBuilder.swift */ = {isa = PBXFileReference; lastKnownFileType = sourcecode.swift; path = ClasseBuilder.swift; sourceTree = "<group>"; };
		3D3DC35728DC13880093BD92 /* ClasseDirector.swift */ = {isa = PBXFileReference; lastKnownFileType = sourcecode.swift; path = ClasseDirector.swift; sourceTree = "<group>"; };
		3D3DC35C28DC14B30093BD92 /* ClasseClient.swift */ = {isa = PBXFileReference; lastKnownFileType = sourcecode.swift; path = ClasseClient.swift; sourceTree = "<group>"; };
		3D3DC35E28DC15310093BD92 /* ClasseConcreteBuilder.swift */ = {isa = PBXFileReference; lastKnownFileType = sourcecode.swift; path = ClasseConcreteBuilder.swift; sourceTree = "<group>"; };
		3D40A77228F9D1FC00607263 /* AntecedenteFinal.swift */ = {isa = PBXFileReference; lastKnownFileType = sourcecode.swift; path = AntecedenteFinal.swift; sourceTree = "<group>"; };
		3D40A77428F9D20E00607263 /* AntecedenteFinalDirector.swift */ = {isa = PBXFileReference; lastKnownFileType = sourcecode.swift; path = AntecedenteFinalDirector.swift; sourceTree = "<group>"; };
		3D40A77628F9D21F00607263 /* AntecedenteFinalConcreteBuilder.swift */ = {isa = PBXFileReference; lastKnownFileType = sourcecode.swift; path = AntecedenteFinalConcreteBuilder.swift; sourceTree = "<group>"; };
		3D40A77828F9D22C00607263 /* AntecedenteFinalBuilder.swift */ = {isa = PBXFileReference; lastKnownFileType = sourcecode.swift; path = AntecedenteFinalBuilder.swift; sourceTree = "<group>"; };
		3D60C63928DB80FE0051676A /* PersonagemBuilder.swift */ = {isa = PBXFileReference; fileEncoding = 4; lastKnownFileType = sourcecode.swift; path = PersonagemBuilder.swift; sourceTree = "<group>"; };
		3D60C63A28DB80FE0051676A /* ClasseEscolha.swift */ = {isa = PBXFileReference; fileEncoding = 4; lastKnownFileType = sourcecode.swift; path = ClasseEscolha.swift; sourceTree = "<group>"; };
		3D696F8E28DE130A000F1D62 /* OpcaoEquipamento.swift */ = {isa = PBXFileReference; lastKnownFileType = sourcecode.swift; path = OpcaoEquipamento.swift; sourceTree = "<group>"; };
		3D6F868228E0CD5B0022D0BE /* RacaBuilder.swift */ = {isa = PBXFileReference; lastKnownFileType = sourcecode.swift; path = RacaBuilder.swift; sourceTree = "<group>"; };
		3D6F868428E0CD6B0022D0BE /* RacaConcreteBuilder.swift */ = {isa = PBXFileReference; lastKnownFileType = sourcecode.swift; path = RacaConcreteBuilder.swift; sourceTree = "<group>"; };
		3D6F868628E0CD760022D0BE /* RacaClient.swift */ = {isa = PBXFileReference; lastKnownFileType = sourcecode.swift; path = RacaClient.swift; sourceTree = "<group>"; };
		3D6F868828E0CD830022D0BE /* RacaEscolha.swift */ = {isa = PBXFileReference; lastKnownFileType = sourcecode.swift; path = RacaEscolha.swift; sourceTree = "<group>"; };
		3D6F868A28E0D3F00022D0BE /* ViewModel.swift */ = {isa = PBXFileReference; lastKnownFileType = sourcecode.swift; path = ViewModel.swift; sourceTree = "<group>"; };
		3D6F868C28E0E84D0022D0BE /* RacaDirector.swift */ = {isa = PBXFileReference; lastKnownFileType = sourcecode.swift; path = RacaDirector.swift; sourceTree = "<group>"; };
		3D6F868E28E11B910022D0BE /* BuscaJson.swift */ = {isa = PBXFileReference; lastKnownFileType = sourcecode.swift; path = BuscaJson.swift; sourceTree = "<group>"; };
		3D6F869128E11BEB0022D0BE /* AntecedenteEscolha.swift */ = {isa = PBXFileReference; lastKnownFileType = sourcecode.swift; path = AntecedenteEscolha.swift; sourceTree = "<group>"; };
		3D6F869328E11BF70022D0BE /* AntecedenteDirector.swift */ = {isa = PBXFileReference; lastKnownFileType = sourcecode.swift; path = AntecedenteDirector.swift; sourceTree = "<group>"; };
		3D6F869528E11C070022D0BE /* AntecedenteClient.swift */ = {isa = PBXFileReference; lastKnownFileType = sourcecode.swift; path = AntecedenteClient.swift; sourceTree = "<group>"; };
		3D6F869728E11C160022D0BE /* AntecedenteConcreteBuilder.swift */ = {isa = PBXFileReference; lastKnownFileType = sourcecode.swift; path = AntecedenteConcreteBuilder.swift; sourceTree = "<group>"; };
		3D6F869928E11C200022D0BE /* AntecedenteBuilder.swift */ = {isa = PBXFileReference; lastKnownFileType = sourcecode.swift; path = AntecedenteBuilder.swift; sourceTree = "<group>"; };
		3D9BED1528CFB76000CA1821 /* MiniChallenge001.app */ = {isa = PBXFileReference; explicitFileType = wrapper.application; includeInIndex = 0; path = MiniChallenge001.app; sourceTree = BUILT_PRODUCTS_DIR; };
		3D9BED1828CFB76000CA1821 /* MiniChallenge001App.swift */ = {isa = PBXFileReference; lastKnownFileType = sourcecode.swift; path = MiniChallenge001App.swift; sourceTree = "<group>"; };
		3D9BED1C28CFB76200CA1821 /* Assets.xcassets */ = {isa = PBXFileReference; lastKnownFileType = folder.assetcatalog; path = Assets.xcassets; sourceTree = "<group>"; };
		3D9BED1F28CFB76200CA1821 /* Preview Assets.xcassets */ = {isa = PBXFileReference; lastKnownFileType = folder.assetcatalog; path = "Preview Assets.xcassets"; sourceTree = "<group>"; };
		3D9BED2A28CFB76200CA1821 /* MiniChallenge001Tests.xctest */ = {isa = PBXFileReference; explicitFileType = wrapper.cfbundle; includeInIndex = 0; path = MiniChallenge001Tests.xctest; sourceTree = BUILT_PRODUCTS_DIR; };
		3D9BED2E28CFB76200CA1821 /* MiniChallenge001Tests.swift */ = {isa = PBXFileReference; lastKnownFileType = sourcecode.swift; path = MiniChallenge001Tests.swift; sourceTree = "<group>"; };
		3D9BED3428CFB76200CA1821 /* MiniChallenge001UITests.xctest */ = {isa = PBXFileReference; explicitFileType = wrapper.cfbundle; includeInIndex = 0; path = MiniChallenge001UITests.xctest; sourceTree = BUILT_PRODUCTS_DIR; };
		3D9BED3828CFB76200CA1821 /* MiniChallenge001UITests.swift */ = {isa = PBXFileReference; lastKnownFileType = sourcecode.swift; path = MiniChallenge001UITests.swift; sourceTree = "<group>"; };
		3D9BED3A28CFB76200CA1821 /* MiniChallenge001UITestsLaunchTests.swift */ = {isa = PBXFileReference; lastKnownFileType = sourcecode.swift; path = MiniChallenge001UITestsLaunchTests.swift; sourceTree = "<group>"; };
		3D9CD65628FDC45300CD4077 /* PersonagemConcreteBuilder.swift */ = {isa = PBXFileReference; lastKnownFileType = sourcecode.swift; path = PersonagemConcreteBuilder.swift; sourceTree = "<group>"; };
		3D9CD65828FDC46300CD4077 /* PersonagemDirector.swift */ = {isa = PBXFileReference; lastKnownFileType = sourcecode.swift; path = PersonagemDirector.swift; sourceTree = "<group>"; };
		3D9CD65A28FDD07E00CD4077 /* PersonagemClient.swift */ = {isa = PBXFileReference; lastKnownFileType = sourcecode.swift; path = PersonagemClient.swift; sourceTree = "<group>"; };
		3DB929A428ECA6B20075F0D9 /* RacaFinalDirector.swift */ = {isa = PBXFileReference; lastKnownFileType = sourcecode.swift; path = RacaFinalDirector.swift; sourceTree = "<group>"; };
		3DB929AA28ECC0E50075F0D9 /* ClasseFinal.swift */ = {isa = PBXFileReference; lastKnownFileType = sourcecode.swift; path = ClasseFinal.swift; sourceTree = "<group>"; };
		3DB929AC28ECC1120075F0D9 /* ClasseFinalDirector.swift */ = {isa = PBXFileReference; lastKnownFileType = sourcecode.swift; path = ClasseFinalDirector.swift; sourceTree = "<group>"; };
		3DB929AE28ECC1280075F0D9 /* ClasseFinalConcreteBuilder.swift */ = {isa = PBXFileReference; lastKnownFileType = sourcecode.swift; path = ClasseFinalConcreteBuilder.swift; sourceTree = "<group>"; };
		3DB929B028ECC13B0075F0D9 /* ClasseFinalBuilder.swift */ = {isa = PBXFileReference; lastKnownFileType = sourcecode.swift; path = ClasseFinalBuilder.swift; sourceTree = "<group>"; };
		3DF24F8628E1CC82006C0AAE /* RacaFicha.swift */ = {isa = PBXFileReference; lastKnownFileType = sourcecode.swift; path = RacaFicha.swift; sourceTree = "<group>"; };
		3DF24F8A28E1CC99006C0AAE /* ClasseFicha.swift */ = {isa = PBXFileReference; lastKnownFileType = sourcecode.swift; path = ClasseFicha.swift; sourceTree = "<group>"; };
		3DF24F8C28E1CCB0006C0AAE /* PersonagemFicha.swift */ = {isa = PBXFileReference; lastKnownFileType = sourcecode.swift; path = PersonagemFicha.swift; sourceTree = "<group>"; };
		3DF24F9628E200DF006C0AAE /* PacoteFactory.swift */ = {isa = PBXFileReference; lastKnownFileType = sourcecode.swift; path = PacoteFactory.swift; sourceTree = "<group>"; };
		3DF7C31028E78BD900DC3795 /* RacaFinalConcreteBuilder.swift */ = {isa = PBXFileReference; lastKnownFileType = sourcecode.swift; path = RacaFinalConcreteBuilder.swift; sourceTree = "<group>"; };
/* End PBXFileReference section */

/* Begin PBXFrameworksBuildPhase section */
		3D9BED1228CFB76000CA1821 /* Frameworks */ = {
			isa = PBXFrameworksBuildPhase;
			buildActionMask = 2147483647;
			files = (
			);
			runOnlyForDeploymentPostprocessing = 0;
		};
		3D9BED2728CFB76200CA1821 /* Frameworks */ = {
			isa = PBXFrameworksBuildPhase;
			buildActionMask = 2147483647;
			files = (
			);
			runOnlyForDeploymentPostprocessing = 0;
		};
		3D9BED3128CFB76200CA1821 /* Frameworks */ = {
			isa = PBXFrameworksBuildPhase;
			buildActionMask = 2147483647;
			files = (
			);
			runOnlyForDeploymentPostprocessing = 0;
		};
/* End PBXFrameworksBuildPhase section */

/* Begin PBXGroup section */
		1214FE8628F10A4A00E15113 /* SelecaoAntescedente */ = {
			isa = PBXGroup;
			children = (
				1214FE8728F10A7800E15113 /* SelecaoAntecedenteView.swift */,
			);
			path = SelecaoAntescedente;
			sourceTree = "<group>";
		};
		12535F4928E323DC0020A005 /* SelecaoRaca */ = {
			isa = PBXGroup;
			children = (
				12CC7ABE28E10E24000AB35B /* SelecaoRacaView.swift */,
				12535F4A28E323F60020A005 /* DetalhesTracoView.swift */,
			);
			path = SelecaoRaca;
			sourceTree = "<group>";
		};
		126AA8F828DABD5300CF5A2E /* Json */ = {
			isa = PBXGroup;
			children = (
				126ABAE028DB38C100CF5A2E /* JsonFileUtil.swift */,
				126ABAEF28DB3D5100CF5A2E /* Json.swift */,
				126ABAEE28DB3D5100CF5A2E /* ArmaduraJSON.swift */,
				126ABAEB28DB3D5100CF5A2E /* ArmaJSON.swift */,
				126ABAED28DB3D5100CF5A2E /* BugigangaJSON.swift */,
				126ABAE928DB3D5100CF5A2E /* EquipamentoJSON.swift */,
				126ABAEA28DB3D5100CF5A2E /* EquipamentoMontariaJSON.swift */,
				126ABAEC28DB3D5100CF5A2E /* FerramentaJSON.swift */,
				126ABAE528DB3D5000CF5A2E /* MagiaJSON.swift */,
				126ABAE628DB3D5000CF5A2E /* Moeda.swift */,
				126ABAE828DB3D5100CF5A2E /* MontariaJSON.swift */,
				126ABAE728DB3D5100CF5A2E /* VeiculoAquaticoJSON.swift */,
				122E948128E21EE100184F88 /* CaracteristicaJSON.swift */,
				122E948328E21F2000184F88 /* TraitJSON.swift */,
			);
			path = Json;
			sourceTree = "<group>";
		};
		126ABB2928DD25CB00CF5A2E /* Habilidade */ = {
			isa = PBXGroup;
			children = (
				09B5568B28DA6154001466B0 /* Habilidades.swift */,
				126ABB2A28DD25F100CF5A2E /* TodasHabilidadesView.swift */,
				126ABB2C28DD26DF00CF5A2E /* DescricaoMagiaView.swift */,
			);
			path = Habilidade;
			sourceTree = "<group>";
		};
		126ABB2E28DD326200CF5A2E /* Atributo */ = {
			isa = PBXGroup;
			children = (
				09B5568E28DA6155001466B0 /* Atributos.swift */,
				093F602328F0D5E0006A8911 /* Condicoes.swift */,
			);
			path = Atributo;
			sourceTree = "<group>";
		};
		126ABB2F28DD327B00CF5A2E /* Combate */ = {
			isa = PBXGroup;
			children = (
				09B5569128DA6156001466B0 /* Combate.swift */,
				1247FBC028FDE9D0004FF076 /* AlterarNivelView.swift */,
			);
			path = Combate;
			sourceTree = "<group>";
		};
		126ABB3028DD328200CF5A2E /* Identidade */ = {
			isa = PBXGroup;
			children = (
				09B5568F28DA6156001466B0 /* Identidade.swift */,
				093F602528F8940C006A8911 /* Caracteristicas.swift */,
			);
			path = Identidade;
			sourceTree = "<group>";
		};
		126ABB3128DD328A00CF5A2E /* Inventario */ = {
			isa = PBXGroup;
			children = (
				09B5568D28DA6155001466B0 /* Inventario.swift */,
			);
			path = Inventario;
			sourceTree = "<group>";
		};
		126ABB3B28DF3A4A00CF5A2E /* Criacao Personagem */ = {
			isa = PBXGroup;
			children = (
				126ABB3C28DF3AF200CF5A2E /* CriacaoMain.swift */,
				1214FE8928F4681D00E15113 /* CriacaoCaracteristica.swift */,
				1214FE8B28F486C200E15113 /* CriacaoDescricao.swift */,
				1214FE8F28F4DEA400E15113 /* CriacaoAtributos.swift */,
				12535F4928E323DC0020A005 /* SelecaoRaca */,
				12FEBA2528E7A55300DBB6EF /* SelecaoClasse */,
				1214FE8628F10A4A00E15113 /* SelecaoAntescedente */,
			);
			path = "Criacao Personagem";
			sourceTree = "<group>";
		};
		12FEBA2528E7A55300DBB6EF /* SelecaoClasse */ = {
			isa = PBXGroup;
			children = (
				12FEBA2728E7A6CB00DBB6EF /* SelecaoClasseView.swift */,
				12FEBA2928E8A26A00DBB6EF /* EditarRiquezaView.swift */,
				125B251528EE03DB00B60168 /* EscolhaProficienciaView.swift */,
				1214FE8228F09CE800E15113 /* EscolhaEquipamento.swift */,
				1214FE8428F101D700E15113 /* DetalhesCaracteristicaClasse.swift */,
			);
			path = SelecaoClasse;
			sourceTree = "<group>";
		};
		12FEBA2628E7A59000DBB6EF /* SheetPersonagem */ = {
			isa = PBXGroup;
			children = (
				09B5568C28DA6155001466B0 /* SheetTabView.swift */,
				09B5569028DA6156001466B0 /* ContentView.swift */,
				126ABB2928DD25CB00CF5A2E /* Habilidade */,
				126ABB3128DD328A00CF5A2E /* Inventario */,
				126ABB2E28DD326200CF5A2E /* Atributo */,
				126ABB2F28DD327B00CF5A2E /* Combate */,
				126ABB3028DD328200CF5A2E /* Identidade */,
			);
			path = SheetPersonagem;
			sourceTree = "<group>";
		};
		3D28DBA428E62A35005F71AC /* Raca_Final */ = {
			isa = PBXGroup;
			children = (
				3D28DBA628E62A99005F71AC /* RacaFinalBuilder.swift */,
				3DF7C31028E78BD900DC3795 /* RacaFinalConcreteBuilder.swift */,
				3DB929A428ECA6B20075F0D9 /* RacaFinalDirector.swift */,
				3D28DBA828E62D64005F71AC /* RacaFinal.swift */,
			);
			path = Raca_Final;
			sourceTree = "<group>";
		};
		3D28DBA528E62A4A005F71AC /* Raca_Escolha */ = {
			isa = PBXGroup;
			children = (
				3D6F868228E0CD5B0022D0BE /* RacaBuilder.swift */,
				3D6F868428E0CD6B0022D0BE /* RacaConcreteBuilder.swift */,
				3D6F868C28E0E84D0022D0BE /* RacaDirector.swift */,
				3D6F868828E0CD830022D0BE /* RacaEscolha.swift */,
			);
			path = Raca_Escolha;
			sourceTree = "<group>";
		};
		3D3DC35A28DC146A0093BD92 /* Builders */ = {
			isa = PBXGroup;
			children = (
				3D60C63828DB80FE0051676A /* Builder_Personagem */,
				3D6F869028E11BC70022D0BE /* Builder_Antecedente */,
				3D6F868128E0CD1B0022D0BE /* Builder_Raca */,
				3D3DC35B28DC14790093BD92 /* Builder_Classe */,
			);
			path = Builders;
			sourceTree = "<group>";
		};
		3D3DC35B28DC14790093BD92 /* Builder_Classe */ = {
			isa = PBXGroup;
			children = (
				3DB929A928ECC0A50075F0D9 /* Classe_Escolha */,
				3DB929A828ECC09B0075F0D9 /* Classe_Final */,
				3D696F8E28DE130A000F1D62 /* OpcaoEquipamento.swift */,
				3D3DC35C28DC14B30093BD92 /* ClasseClient.swift */,
			);
			path = Builder_Classe;
			sourceTree = "<group>";
		};
		3D40A77028F9D1C100607263 /* Antecedente_Escolha */ = {
			isa = PBXGroup;
			children = (
				3D6F869928E11C200022D0BE /* AntecedenteBuilder.swift */,
				3D6F869728E11C160022D0BE /* AntecedenteConcreteBuilder.swift */,
				3D6F869328E11BF70022D0BE /* AntecedenteDirector.swift */,
				3D6F869128E11BEB0022D0BE /* AntecedenteEscolha.swift */,
			);
			path = Antecedente_Escolha;
			sourceTree = "<group>";
		};
		3D40A77128F9D1D700607263 /* Antecedente_Final */ = {
			isa = PBXGroup;
			children = (
				3D40A77828F9D22C00607263 /* AntecedenteFinalBuilder.swift */,
				3D40A77628F9D21F00607263 /* AntecedenteFinalConcreteBuilder.swift */,
				3D40A77428F9D20E00607263 /* AntecedenteFinalDirector.swift */,
				3D40A77228F9D1FC00607263 /* AntecedenteFinal.swift */,
			);
			path = Antecedente_Final;
			sourceTree = "<group>";
		};
		3D60C63828DB80FE0051676A /* Builder_Personagem */ = {
			isa = PBXGroup;
			children = (
				3DF24F8E28E1CCBA006C0AAE /* Escolhas */,
				3D60C63928DB80FE0051676A /* PersonagemBuilder.swift */,
				3D9CD65628FDC45300CD4077 /* PersonagemConcreteBuilder.swift */,
				3D9CD65828FDC46300CD4077 /* PersonagemDirector.swift */,
				3D9CD65A28FDD07E00CD4077 /* PersonagemClient.swift */,
				3DF24F8C28E1CCB0006C0AAE /* PersonagemFicha.swift */,
			);
			path = Builder_Personagem;
			sourceTree = "<group>";
		};
		3D6F868128E0CD1B0022D0BE /* Builder_Raca */ = {
			isa = PBXGroup;
			children = (
				3D28DBA528E62A4A005F71AC /* Raca_Escolha */,
				3D28DBA428E62A35005F71AC /* Raca_Final */,
				3D6F868628E0CD760022D0BE /* RacaClient.swift */,
			);
			path = Builder_Raca;
			sourceTree = "<group>";
		};
		3D6F869028E11BC70022D0BE /* Builder_Antecedente */ = {
			isa = PBXGroup;
			children = (
				3D40A77028F9D1C100607263 /* Antecedente_Escolha */,
				3D40A77128F9D1D700607263 /* Antecedente_Final */,
				3D6F869528E11C070022D0BE /* AntecedenteClient.swift */,
			);
			path = Builder_Antecedente;
			sourceTree = "<group>";
		};
		3D9BED0C28CFB76000CA1821 = {
			isa = PBXGroup;
			children = (
				126ABAE228DB38E000CF5A2E /* Content */,
				3D9BED1728CFB76000CA1821 /* MiniChallenge001 */,
				3D9BED2D28CFB76200CA1821 /* MiniChallenge001Tests */,
				3D9BED3728CFB76200CA1821 /* MiniChallenge001UITests */,
				3D9BED1628CFB76000CA1821 /* Products */,
			);
			sourceTree = "<group>";
		};
		3D9BED1628CFB76000CA1821 /* Products */ = {
			isa = PBXGroup;
			children = (
				3D9BED1528CFB76000CA1821 /* MiniChallenge001.app */,
				3D9BED2A28CFB76200CA1821 /* MiniChallenge001Tests.xctest */,
				3D9BED3428CFB76200CA1821 /* MiniChallenge001UITests.xctest */,
			);
			name = Products;
			sourceTree = "<group>";
		};
		3D9BED1728CFB76000CA1821 /* MiniChallenge001 */ = {
			isa = PBXGroup;
			children = (
				3D9BED1828CFB76000CA1821 /* MiniChallenge001App.swift */,
				126ABB3228DE3EE200CF5A2E /* MainView.swift */,
				3DE3796C28D26413005812C7 /* View */,
				3DE3796B28D26400005812C7 /* ViewModel */,
				3DE3796A28D26391005812C7 /* Model */,
				3D9BED1E28CFB76200CA1821 /* Preview Content */,
				3D9BED1C28CFB76200CA1821 /* Assets.xcassets */,
			);
			path = MiniChallenge001;
			sourceTree = "<group>";
		};
		3D9BED1E28CFB76200CA1821 /* Preview Content */ = {
			isa = PBXGroup;
			children = (
				3D9BED1F28CFB76200CA1821 /* Preview Assets.xcassets */,
			);
			path = "Preview Content";
			sourceTree = "<group>";
		};
		3D9BED2D28CFB76200CA1821 /* MiniChallenge001Tests */ = {
			isa = PBXGroup;
			children = (
				3D9BED2E28CFB76200CA1821 /* MiniChallenge001Tests.swift */,
			);
			path = MiniChallenge001Tests;
			sourceTree = "<group>";
		};
		3D9BED3728CFB76200CA1821 /* MiniChallenge001UITests */ = {
			isa = PBXGroup;
			children = (
				3D9BED3828CFB76200CA1821 /* MiniChallenge001UITests.swift */,
				3D9BED3A28CFB76200CA1821 /* MiniChallenge001UITestsLaunchTests.swift */,
			);
			path = MiniChallenge001UITests;
			sourceTree = "<group>";
		};
		3DB929A828ECC09B0075F0D9 /* Classe_Final */ = {
			isa = PBXGroup;
			children = (
				3DB929B028ECC13B0075F0D9 /* ClasseFinalBuilder.swift */,
				3DB929AE28ECC1280075F0D9 /* ClasseFinalConcreteBuilder.swift */,
				3DB929AC28ECC1120075F0D9 /* ClasseFinalDirector.swift */,
				3DB929AA28ECC0E50075F0D9 /* ClasseFinal.swift */,
			);
			path = Classe_Final;
			sourceTree = "<group>";
		};
		3DB929A928ECC0A50075F0D9 /* Classe_Escolha */ = {
			isa = PBXGroup;
			children = (
				3D3DC35528DC09F00093BD92 /* ClasseBuilder.swift */,
				3D3DC35E28DC15310093BD92 /* ClasseConcreteBuilder.swift */,
				3D3DC35728DC13880093BD92 /* ClasseDirector.swift */,
				3D60C63A28DB80FE0051676A /* ClasseEscolha.swift */,
			);
			path = Classe_Escolha;
			sourceTree = "<group>";
		};
		3DE3796A28D26391005812C7 /* Model */ = {
			isa = PBXGroup;
			children = (
				126AA8F828DABD5300CF5A2E /* Json */,
			);
			path = Model;
			sourceTree = "<group>";
		};
		3DE3796B28D26400005812C7 /* ViewModel */ = {
			isa = PBXGroup;
			children = (
				3D3DC35A28DC146A0093BD92 /* Builders */,
				3D6F868A28E0D3F00022D0BE /* ViewModel.swift */,
				122E948528E2205300184F88 /* SheetsViewModel.swift */,
				3D6F868E28E11B910022D0BE /* BuscaJson.swift */,
				3DF24F9628E200DF006C0AAE /* PacoteFactory.swift */,
				1214FE8D28F4B3D700E15113 /* ImagePicker.swift */,
			);
			path = ViewModel;
			sourceTree = "<group>";
		};
		3DE3796C28D26413005812C7 /* View */ = {
			isa = PBXGroup;
			children = (
				12FEBA2628E7A59000DBB6EF /* SheetPersonagem */,
				126ABB3B28DF3A4A00CF5A2E /* Criacao Personagem */,
			);
			path = View;
			sourceTree = "<group>";
		};
		3DF24F8E28E1CCBA006C0AAE /* Escolhas */ = {
			isa = PBXGroup;
			children = (
				3DF24F8A28E1CC99006C0AAE /* ClasseFicha.swift */,
				3DF24F8628E1CC82006C0AAE /* RacaFicha.swift */,
			);
			path = Escolhas;
			sourceTree = "<group>";
		};
/* End PBXGroup section */

/* Begin PBXNativeTarget section */
		3D9BED1428CFB76000CA1821 /* MiniChallenge001 */ = {
			isa = PBXNativeTarget;
			buildConfigurationList = 3D9BED3E28CFB76200CA1821 /* Build configuration list for PBXNativeTarget "MiniChallenge001" */;
			buildPhases = (
				3D9BED1128CFB76000CA1821 /* Sources */,
				3D9BED1228CFB76000CA1821 /* Frameworks */,
				3D9BED1328CFB76000CA1821 /* Resources */,
			);
			buildRules = (
			);
			dependencies = (
			);
			name = MiniChallenge001;
			productName = MiniChallenge001;
			productReference = 3D9BED1528CFB76000CA1821 /* MiniChallenge001.app */;
			productType = "com.apple.product-type.application";
		};
		3D9BED2928CFB76200CA1821 /* MiniChallenge001Tests */ = {
			isa = PBXNativeTarget;
			buildConfigurationList = 3D9BED4128CFB76200CA1821 /* Build configuration list for PBXNativeTarget "MiniChallenge001Tests" */;
			buildPhases = (
				3D9BED2628CFB76200CA1821 /* Sources */,
				3D9BED2728CFB76200CA1821 /* Frameworks */,
				3D9BED2828CFB76200CA1821 /* Resources */,
			);
			buildRules = (
			);
			dependencies = (
				3D9BED2C28CFB76200CA1821 /* PBXTargetDependency */,
			);
			name = MiniChallenge001Tests;
			productName = MiniChallenge001Tests;
			productReference = 3D9BED2A28CFB76200CA1821 /* MiniChallenge001Tests.xctest */;
			productType = "com.apple.product-type.bundle.unit-test";
		};
		3D9BED3328CFB76200CA1821 /* MiniChallenge001UITests */ = {
			isa = PBXNativeTarget;
			buildConfigurationList = 3D9BED4428CFB76200CA1821 /* Build configuration list for PBXNativeTarget "MiniChallenge001UITests" */;
			buildPhases = (
				3D9BED3028CFB76200CA1821 /* Sources */,
				3D9BED3128CFB76200CA1821 /* Frameworks */,
				3D9BED3228CFB76200CA1821 /* Resources */,
			);
			buildRules = (
			);
			dependencies = (
				3D9BED3628CFB76200CA1821 /* PBXTargetDependency */,
			);
			name = MiniChallenge001UITests;
			productName = MiniChallenge001UITests;
			productReference = 3D9BED3428CFB76200CA1821 /* MiniChallenge001UITests.xctest */;
			productType = "com.apple.product-type.bundle.ui-testing";
		};
/* End PBXNativeTarget section */

/* Begin PBXProject section */
		3D9BED0D28CFB76000CA1821 /* Project object */ = {
			isa = PBXProject;
			attributes = {
				BuildIndependentTargetsInParallel = 1;
				LastSwiftUpdateCheck = 1320;
				LastUpgradeCheck = 1320;
				TargetAttributes = {
					3D9BED1428CFB76000CA1821 = {
						CreatedOnToolsVersion = 13.2.1;
					};
					3D9BED2928CFB76200CA1821 = {
						CreatedOnToolsVersion = 13.2.1;
						TestTargetID = 3D9BED1428CFB76000CA1821;
					};
					3D9BED3328CFB76200CA1821 = {
						CreatedOnToolsVersion = 13.2.1;
						TestTargetID = 3D9BED1428CFB76000CA1821;
					};
				};
			};
			buildConfigurationList = 3D9BED1028CFB76000CA1821 /* Build configuration list for PBXProject "MiniChallenge001" */;
			compatibilityVersion = "Xcode 13.0";
			developmentRegion = en;
			hasScannedForEncodings = 0;
			knownRegions = (
				en,
				Base,
			);
			mainGroup = 3D9BED0C28CFB76000CA1821;
			productRefGroup = 3D9BED1628CFB76000CA1821 /* Products */;
			projectDirPath = "";
			projectRoot = "";
			targets = (
				3D9BED1428CFB76000CA1821 /* MiniChallenge001 */,
				3D9BED2928CFB76200CA1821 /* MiniChallenge001Tests */,
				3D9BED3328CFB76200CA1821 /* MiniChallenge001UITests */,
			);
		};
/* End PBXProject section */

/* Begin PBXResourcesBuildPhase section */
		3D9BED1328CFB76000CA1821 /* Resources */ = {
			isa = PBXResourcesBuildPhase;
			buildActionMask = 2147483647;
			files = (
				126ABAE328DB38E000CF5A2E /* Content in Resources */,
				3D9BED2028CFB76200CA1821 /* Preview Assets.xcassets in Resources */,
				3D9BED1D28CFB76200CA1821 /* Assets.xcassets in Resources */,
			);
			runOnlyForDeploymentPostprocessing = 0;
		};
		3D9BED2828CFB76200CA1821 /* Resources */ = {
			isa = PBXResourcesBuildPhase;
			buildActionMask = 2147483647;
			files = (
			);
			runOnlyForDeploymentPostprocessing = 0;
		};
		3D9BED3228CFB76200CA1821 /* Resources */ = {
			isa = PBXResourcesBuildPhase;
			buildActionMask = 2147483647;
			files = (
			);
			runOnlyForDeploymentPostprocessing = 0;
		};
/* End PBXResourcesBuildPhase section */

/* Begin PBXSourcesBuildPhase section */
		3D9BED1128CFB76000CA1821 /* Sources */ = {
			isa = PBXSourcesBuildPhase;
			buildActionMask = 2147483647;
			files = (
				09B5569428DA6156001466B0 /* Inventario.swift in Sources */,
				093F602428F0D5E0006A8911 /* Condicoes.swift in Sources */,
				3D9CD65928FDC46300CD4077 /* PersonagemDirector.swift in Sources */,
				3D6F869628E11C070022D0BE /* AntecedenteClient.swift in Sources */,
				3D6F868728E0CD760022D0BE /* RacaClient.swift in Sources */,
				3D6F868F28E11B910022D0BE /* BuscaJson.swift in Sources */,
				126ABAFA28DB3D5200CF5A2E /* ArmaduraJSON.swift in Sources */,
				12FEBA2A28E8A26A00DBB6EF /* EditarRiquezaView.swift in Sources */,
				3DF7C31128E78BD900DC3795 /* RacaFinalConcreteBuilder.swift in Sources */,
				122E948628E2205300184F88 /* SheetsViewModel.swift in Sources */,
				126ABAF128DB3D5200CF5A2E /* MagiaJSON.swift in Sources */,
				126ABB3D28DF3AF200CF5A2E /* CriacaoMain.swift in Sources */,
				3DF24F8B28E1CC99006C0AAE /* ClasseFicha.swift in Sources */,
				1214FE8528F101D700E15113 /* DetalhesCaracteristicaClasse.swift in Sources */,
				3D6F869A28E11C200022D0BE /* AntecedenteBuilder.swift in Sources */,
				09B5569628DA6156001466B0 /* Identidade.swift in Sources */,
				3D6F869228E11BEB0022D0BE /* AntecedenteEscolha.swift in Sources */,
				3D40A77728F9D21F00607263 /* AntecedenteFinalConcreteBuilder.swift in Sources */,
				12535F4B28E323F60020A005 /* DetalhesTracoView.swift in Sources */,
				1214FE8E28F4B3D800E15113 /* ImagePicker.swift in Sources */,
				1214FE8C28F486C200E15113 /* CriacaoDescricao.swift in Sources */,
				3D3DC35628DC09F00093BD92 /* ClasseBuilder.swift in Sources */,
				126ABB3328DE3EE200CF5A2E /* MainView.swift in Sources */,
				3D6F868D28E0E84D0022D0BE /* RacaDirector.swift in Sources */,
				09B5569528DA6156001466B0 /* Atributos.swift in Sources */,
				126ABAF228DB3D5200CF5A2E /* Moeda.swift in Sources */,
				3D6F868328E0CD5B0022D0BE /* RacaBuilder.swift in Sources */,
				1214FE8828F10A7800E15113 /* SelecaoAntecedenteView.swift in Sources */,
				126ABAFB28DB3D5200CF5A2E /* Json.swift in Sources */,
				125B251628EE03DB00B60168 /* EscolhaProficienciaView.swift in Sources */,
				3D28DBA728E62A99005F71AC /* RacaFinalBuilder.swift in Sources */,
				3D9CD65B28FDD07F00CD4077 /* PersonagemClient.swift in Sources */,
				3D696F8F28DE130A000F1D62 /* OpcaoEquipamento.swift in Sources */,
				126ABAF828DB3D5200CF5A2E /* FerramentaJSON.swift in Sources */,
				122E948428E21F2000184F88 /* TraitJSON.swift in Sources */,
				126ABAF528DB3D5200CF5A2E /* EquipamentoJSON.swift in Sources */,
				3D3DC35D28DC14B30093BD92 /* ClasseClient.swift in Sources */,
				09B5569728DA6156001466B0 /* ContentView.swift in Sources */,
				12FEBA2828E7A6CB00DBB6EF /* SelecaoClasseView.swift in Sources */,
				1214FE8A28F4681D00E15113 /* CriacaoCaracteristica.swift in Sources */,
				126ABAF328DB3D5200CF5A2E /* VeiculoAquaticoJSON.swift in Sources */,
				3D60C63B28DB80FE0051676A /* PersonagemBuilder.swift in Sources */,
				3D6F869428E11BF70022D0BE /* AntecedenteDirector.swift in Sources */,
				3D9CD65728FDC45300CD4077 /* PersonagemConcreteBuilder.swift in Sources */,
				1214FE9028F4DEA400E15113 /* CriacaoAtributos.swift in Sources */,
				3DB929AD28ECC1120075F0D9 /* ClasseFinalDirector.swift in Sources */,
				122E948228E21EE100184F88 /* CaracteristicaJSON.swift in Sources */,
				3D6F868528E0CD6B0022D0BE /* RacaConcreteBuilder.swift in Sources */,
				3D6F868B28E0D3F00022D0BE /* ViewModel.swift in Sources */,
				3D3DC35828DC13880093BD92 /* ClasseDirector.swift in Sources */,
				126ABAF928DB3D5200CF5A2E /* BugigangaJSON.swift in Sources */,
				126ABB2D28DD26DF00CF5A2E /* DescricaoMagiaView.swift in Sources */,
				12CC7ABF28E10E24000AB35B /* SelecaoRacaView.swift in Sources */,
				1247FBC128FDE9D0004FF076 /* AlterarNivelView.swift in Sources */,
				3DB929B128ECC13B0075F0D9 /* ClasseFinalBuilder.swift in Sources */,
				3D40A77928F9D22D00607263 /* AntecedenteFinalBuilder.swift in Sources */,
				09B5569228DA6156001466B0 /* Habilidades.swift in Sources */,
				3D40A77528F9D20E00607263 /* AntecedenteFinalDirector.swift in Sources */,
				3D40A77328F9D1FC00607263 /* AntecedenteFinal.swift in Sources */,
				126ABB2B28DD25F100CF5A2E /* TodasHabilidadesView.swift in Sources */,
				126ABAE128DB38C100CF5A2E /* JsonFileUtil.swift in Sources */,
				3DB929A528ECA6B20075F0D9 /* RacaFinalDirector.swift in Sources */,
				3D3DC35F28DC15310093BD92 /* ClasseConcreteBuilder.swift in Sources */,
				09B5569828DA6156001466B0 /* Combate.swift in Sources */,
				3DB929AF28ECC1280075F0D9 /* ClasseFinalConcreteBuilder.swift in Sources */,
				126ABAF628DB3D5200CF5A2E /* EquipamentoMontariaJSON.swift in Sources */,
				126ABAF728DB3D5200CF5A2E /* ArmaJSON.swift in Sources */,
				09B5569328DA6156001466B0 /* SheetTabView.swift in Sources */,
				3DF24F9728E200DF006C0AAE /* PacoteFactory.swift in Sources */,
				093F602628F8940C006A8911 /* Caracteristicas.swift in Sources */,
				3D6F868928E0CD830022D0BE /* RacaEscolha.swift in Sources */,
				3D6F869828E11C160022D0BE /* AntecedenteConcreteBuilder.swift in Sources */,
				126ABAF428DB3D5200CF5A2E /* MontariaJSON.swift in Sources */,
				3DF24F8D28E1CCB0006C0AAE /* PersonagemFicha.swift in Sources */,
				1214FE8328F09CE800E15113 /* EscolhaEquipamento.swift in Sources */,
				3D60C63C28DB80FE0051676A /* ClasseEscolha.swift in Sources */,
				3DF24F8728E1CC82006C0AAE /* RacaFicha.swift in Sources */,
				3D9BED1928CFB76000CA1821 /* MiniChallenge001App.swift in Sources */,
				3DB929AB28ECC0E50075F0D9 /* ClasseFinal.swift in Sources */,
				3D28DBA928E62D64005F71AC /* RacaFinal.swift in Sources */,
			);
			runOnlyForDeploymentPostprocessing = 0;
		};
		3D9BED2628CFB76200CA1821 /* Sources */ = {
			isa = PBXSourcesBuildPhase;
			buildActionMask = 2147483647;
			files = (
				3D9BED2F28CFB76200CA1821 /* MiniChallenge001Tests.swift in Sources */,
			);
			runOnlyForDeploymentPostprocessing = 0;
		};
		3D9BED3028CFB76200CA1821 /* Sources */ = {
			isa = PBXSourcesBuildPhase;
			buildActionMask = 2147483647;
			files = (
				3D9BED3928CFB76200CA1821 /* MiniChallenge001UITests.swift in Sources */,
				3D9BED3B28CFB76200CA1821 /* MiniChallenge001UITestsLaunchTests.swift in Sources */,
			);
			runOnlyForDeploymentPostprocessing = 0;
		};
/* End PBXSourcesBuildPhase section */

/* Begin PBXTargetDependency section */
		3D9BED2C28CFB76200CA1821 /* PBXTargetDependency */ = {
			isa = PBXTargetDependency;
			target = 3D9BED1428CFB76000CA1821 /* MiniChallenge001 */;
			targetProxy = 3D9BED2B28CFB76200CA1821 /* PBXContainerItemProxy */;
		};
		3D9BED3628CFB76200CA1821 /* PBXTargetDependency */ = {
			isa = PBXTargetDependency;
			target = 3D9BED1428CFB76000CA1821 /* MiniChallenge001 */;
			targetProxy = 3D9BED3528CFB76200CA1821 /* PBXContainerItemProxy */;
		};
/* End PBXTargetDependency section */

/* Begin XCBuildConfiguration section */
		3D9BED3C28CFB76200CA1821 /* Debug */ = {
			isa = XCBuildConfiguration;
			buildSettings = {
				ALWAYS_SEARCH_USER_PATHS = NO;
				CLANG_ANALYZER_NONNULL = YES;
				CLANG_ANALYZER_NUMBER_OBJECT_CONVERSION = YES_AGGRESSIVE;
				CLANG_CXX_LANGUAGE_STANDARD = "gnu++17";
				CLANG_CXX_LIBRARY = "libc++";
				CLANG_ENABLE_MODULES = YES;
				CLANG_ENABLE_OBJC_ARC = YES;
				CLANG_ENABLE_OBJC_WEAK = YES;
				CLANG_WARN_BLOCK_CAPTURE_AUTORELEASING = YES;
				CLANG_WARN_BOOL_CONVERSION = YES;
				CLANG_WARN_COMMA = YES;
				CLANG_WARN_CONSTANT_CONVERSION = YES;
				CLANG_WARN_DEPRECATED_OBJC_IMPLEMENTATIONS = YES;
				CLANG_WARN_DIRECT_OBJC_ISA_USAGE = YES_ERROR;
				CLANG_WARN_DOCUMENTATION_COMMENTS = YES;
				CLANG_WARN_EMPTY_BODY = YES;
				CLANG_WARN_ENUM_CONVERSION = YES;
				CLANG_WARN_INFINITE_RECURSION = YES;
				CLANG_WARN_INT_CONVERSION = YES;
				CLANG_WARN_NON_LITERAL_NULL_CONVERSION = YES;
				CLANG_WARN_OBJC_IMPLICIT_RETAIN_SELF = YES;
				CLANG_WARN_OBJC_LITERAL_CONVERSION = YES;
				CLANG_WARN_OBJC_ROOT_CLASS = YES_ERROR;
				CLANG_WARN_QUOTED_INCLUDE_IN_FRAMEWORK_HEADER = YES;
				CLANG_WARN_RANGE_LOOP_ANALYSIS = YES;
				CLANG_WARN_STRICT_PROTOTYPES = YES;
				CLANG_WARN_SUSPICIOUS_MOVE = YES;
				CLANG_WARN_UNGUARDED_AVAILABILITY = YES_AGGRESSIVE;
				CLANG_WARN_UNREACHABLE_CODE = YES;
				CLANG_WARN__DUPLICATE_METHOD_MATCH = YES;
				COPY_PHASE_STRIP = NO;
				DEBUG_INFORMATION_FORMAT = dwarf;
				ENABLE_STRICT_OBJC_MSGSEND = YES;
				ENABLE_TESTABILITY = YES;
				GCC_C_LANGUAGE_STANDARD = gnu11;
				GCC_DYNAMIC_NO_PIC = NO;
				GCC_NO_COMMON_BLOCKS = YES;
				GCC_OPTIMIZATION_LEVEL = 0;
				GCC_PREPROCESSOR_DEFINITIONS = (
					"DEBUG=1",
					"$(inherited)",
				);
				GCC_WARN_64_TO_32_BIT_CONVERSION = YES;
				GCC_WARN_ABOUT_RETURN_TYPE = YES_ERROR;
				GCC_WARN_UNDECLARED_SELECTOR = YES;
				GCC_WARN_UNINITIALIZED_AUTOS = YES_AGGRESSIVE;
				GCC_WARN_UNUSED_FUNCTION = YES;
				GCC_WARN_UNUSED_VARIABLE = YES;
				IPHONEOS_DEPLOYMENT_TARGET = 15.2;
				MTL_ENABLE_DEBUG_INFO = INCLUDE_SOURCE;
				MTL_FAST_MATH = YES;
				ONLY_ACTIVE_ARCH = YES;
				SDKROOT = iphoneos;
				SWIFT_ACTIVE_COMPILATION_CONDITIONS = DEBUG;
				SWIFT_OPTIMIZATION_LEVEL = "-Onone";
			};
			name = Debug;
		};
		3D9BED3D28CFB76200CA1821 /* Release */ = {
			isa = XCBuildConfiguration;
			buildSettings = {
				ALWAYS_SEARCH_USER_PATHS = NO;
				CLANG_ANALYZER_NONNULL = YES;
				CLANG_ANALYZER_NUMBER_OBJECT_CONVERSION = YES_AGGRESSIVE;
				CLANG_CXX_LANGUAGE_STANDARD = "gnu++17";
				CLANG_CXX_LIBRARY = "libc++";
				CLANG_ENABLE_MODULES = YES;
				CLANG_ENABLE_OBJC_ARC = YES;
				CLANG_ENABLE_OBJC_WEAK = YES;
				CLANG_WARN_BLOCK_CAPTURE_AUTORELEASING = YES;
				CLANG_WARN_BOOL_CONVERSION = YES;
				CLANG_WARN_COMMA = YES;
				CLANG_WARN_CONSTANT_CONVERSION = YES;
				CLANG_WARN_DEPRECATED_OBJC_IMPLEMENTATIONS = YES;
				CLANG_WARN_DIRECT_OBJC_ISA_USAGE = YES_ERROR;
				CLANG_WARN_DOCUMENTATION_COMMENTS = YES;
				CLANG_WARN_EMPTY_BODY = YES;
				CLANG_WARN_ENUM_CONVERSION = YES;
				CLANG_WARN_INFINITE_RECURSION = YES;
				CLANG_WARN_INT_CONVERSION = YES;
				CLANG_WARN_NON_LITERAL_NULL_CONVERSION = YES;
				CLANG_WARN_OBJC_IMPLICIT_RETAIN_SELF = YES;
				CLANG_WARN_OBJC_LITERAL_CONVERSION = YES;
				CLANG_WARN_OBJC_ROOT_CLASS = YES_ERROR;
				CLANG_WARN_QUOTED_INCLUDE_IN_FRAMEWORK_HEADER = YES;
				CLANG_WARN_RANGE_LOOP_ANALYSIS = YES;
				CLANG_WARN_STRICT_PROTOTYPES = YES;
				CLANG_WARN_SUSPICIOUS_MOVE = YES;
				CLANG_WARN_UNGUARDED_AVAILABILITY = YES_AGGRESSIVE;
				CLANG_WARN_UNREACHABLE_CODE = YES;
				CLANG_WARN__DUPLICATE_METHOD_MATCH = YES;
				COPY_PHASE_STRIP = NO;
				DEBUG_INFORMATION_FORMAT = "dwarf-with-dsym";
				ENABLE_NS_ASSERTIONS = NO;
				ENABLE_STRICT_OBJC_MSGSEND = YES;
				GCC_C_LANGUAGE_STANDARD = gnu11;
				GCC_NO_COMMON_BLOCKS = YES;
				GCC_WARN_64_TO_32_BIT_CONVERSION = YES;
				GCC_WARN_ABOUT_RETURN_TYPE = YES_ERROR;
				GCC_WARN_UNDECLARED_SELECTOR = YES;
				GCC_WARN_UNINITIALIZED_AUTOS = YES_AGGRESSIVE;
				GCC_WARN_UNUSED_FUNCTION = YES;
				GCC_WARN_UNUSED_VARIABLE = YES;
				IPHONEOS_DEPLOYMENT_TARGET = 15.2;
				MTL_ENABLE_DEBUG_INFO = NO;
				MTL_FAST_MATH = YES;
				SDKROOT = iphoneos;
				SWIFT_COMPILATION_MODE = wholemodule;
				SWIFT_OPTIMIZATION_LEVEL = "-O";
				VALIDATE_PRODUCT = YES;
			};
			name = Release;
		};
		3D9BED3F28CFB76200CA1821 /* Debug */ = {
			isa = XCBuildConfiguration;
			buildSettings = {
				ASSETCATALOG_COMPILER_APPICON_NAME = AppIcon;
				ASSETCATALOG_COMPILER_GLOBAL_ACCENT_COLOR_NAME = AccentColor;
				CODE_SIGN_STYLE = Automatic;
				CURRENT_PROJECT_VERSION = 1;
				DEVELOPMENT_ASSET_PATHS = "\"MiniChallenge001/Preview Content\"";
				DEVELOPMENT_TEAM = KFCLN3TFTY;
				ENABLE_PREVIEWS = YES;
				GENERATE_INFOPLIST_FILE = YES;
				INFOPLIST_FILE = MiniChallenge001/Info.plist;
				INFOPLIST_KEY_CFBundleDisplayName = "In Venture - RPG Sheet";
				INFOPLIST_KEY_LSApplicationCategoryType = "public.app-category.utilities";
				INFOPLIST_KEY_UIApplicationSceneManifest_Generation = YES;
				INFOPLIST_KEY_UIApplicationSupportsIndirectInputEvents = YES;
				INFOPLIST_KEY_UISupportedInterfaceOrientations = UIInterfaceOrientationPortrait;
				INFOPLIST_KEY_UISupportedInterfaceOrientations_iPad = "UIInterfaceOrientationLandscapeLeft UIInterfaceOrientationLandscapeRight UIInterfaceOrientationPortrait UIInterfaceOrientationPortraitUpsideDown";
				LD_RUNPATH_SEARCH_PATHS = (
					"$(inherited)",
					"@executable_path/Frameworks",
				);
				MARKETING_VERSION = 1.0;
				PRODUCT_BUNDLE_IDENTIFIER = InVentureRPGSheet;
				PRODUCT_NAME = "$(TARGET_NAME)";
				SWIFT_EMIT_LOC_STRINGS = YES;
				SWIFT_VERSION = 5.0;
				TARGETED_DEVICE_FAMILY = 1;
			};
			name = Debug;
		};
		3D9BED4028CFB76200CA1821 /* Release */ = {
			isa = XCBuildConfiguration;
			buildSettings = {
				ASSETCATALOG_COMPILER_APPICON_NAME = AppIcon;
				ASSETCATALOG_COMPILER_GLOBAL_ACCENT_COLOR_NAME = AccentColor;
				CODE_SIGN_STYLE = Automatic;
				CURRENT_PROJECT_VERSION = 1;
				DEVELOPMENT_ASSET_PATHS = "\"MiniChallenge001/Preview Content\"";
				DEVELOPMENT_TEAM = KFCLN3TFTY;
				ENABLE_PREVIEWS = YES;
				GENERATE_INFOPLIST_FILE = YES;
				INFOPLIST_FILE = MiniChallenge001/Info.plist;
				INFOPLIST_KEY_CFBundleDisplayName = "In Venture - RPG Sheet";
				INFOPLIST_KEY_LSApplicationCategoryType = "public.app-category.utilities";
				INFOPLIST_KEY_UIApplicationSceneManifest_Generation = YES;
				INFOPLIST_KEY_UIApplicationSupportsIndirectInputEvents = YES;
				INFOPLIST_KEY_UISupportedInterfaceOrientations = UIInterfaceOrientationPortrait;
				INFOPLIST_KEY_UISupportedInterfaceOrientations_iPad = "UIInterfaceOrientationLandscapeLeft UIInterfaceOrientationLandscapeRight UIInterfaceOrientationPortrait UIInterfaceOrientationPortraitUpsideDown";
				LD_RUNPATH_SEARCH_PATHS = (
					"$(inherited)",
					"@executable_path/Frameworks",
				);
				MARKETING_VERSION = 1.0;
				PRODUCT_BUNDLE_IDENTIFIER = InVentureRPGSheet;
				PRODUCT_NAME = "$(TARGET_NAME)";
				SWIFT_EMIT_LOC_STRINGS = YES;
				SWIFT_VERSION = 5.0;
				TARGETED_DEVICE_FAMILY = 1;
			};
			name = Release;
		};
		3D9BED4228CFB76200CA1821 /* Debug */ = {
			isa = XCBuildConfiguration;
			buildSettings = {
				ALWAYS_EMBED_SWIFT_STANDARD_LIBRARIES = YES;
				BUNDLE_LOADER = "$(TEST_HOST)";
				CODE_SIGN_STYLE = Automatic;
				CURRENT_PROJECT_VERSION = 1;
				DEVELOPMENT_TEAM = 66824UF4JS;
				GENERATE_INFOPLIST_FILE = YES;
				IPHONEOS_DEPLOYMENT_TARGET = 15.2;
				MARKETING_VERSION = 1.0;
				PRODUCT_BUNDLE_IDENTIFIER = Time7.MiniChallenge001Tests;
				PRODUCT_NAME = "$(TARGET_NAME)";
				SWIFT_EMIT_LOC_STRINGS = NO;
				SWIFT_VERSION = 5.0;
				TARGETED_DEVICE_FAMILY = "1,2";
				TEST_HOST = "$(BUILT_PRODUCTS_DIR)/MiniChallenge001.app/MiniChallenge001";
			};
			name = Debug;
		};
		3D9BED4328CFB76200CA1821 /* Release */ = {
			isa = XCBuildConfiguration;
			buildSettings = {
				ALWAYS_EMBED_SWIFT_STANDARD_LIBRARIES = YES;
				BUNDLE_LOADER = "$(TEST_HOST)";
				CODE_SIGN_STYLE = Automatic;
				CURRENT_PROJECT_VERSION = 1;
				DEVELOPMENT_TEAM = 66824UF4JS;
				GENERATE_INFOPLIST_FILE = YES;
				IPHONEOS_DEPLOYMENT_TARGET = 15.2;
				MARKETING_VERSION = 1.0;
				PRODUCT_BUNDLE_IDENTIFIER = Time7.MiniChallenge001Tests;
				PRODUCT_NAME = "$(TARGET_NAME)";
				SWIFT_EMIT_LOC_STRINGS = NO;
				SWIFT_VERSION = 5.0;
				TARGETED_DEVICE_FAMILY = "1,2";
				TEST_HOST = "$(BUILT_PRODUCTS_DIR)/MiniChallenge001.app/MiniChallenge001";
			};
			name = Release;
		};
		3D9BED4528CFB76200CA1821 /* Debug */ = {
			isa = XCBuildConfiguration;
			buildSettings = {
				ALWAYS_EMBED_SWIFT_STANDARD_LIBRARIES = YES;
				CODE_SIGN_STYLE = Automatic;
				CURRENT_PROJECT_VERSION = 1;
				DEVELOPMENT_TEAM = 66824UF4JS;
				GENERATE_INFOPLIST_FILE = YES;
				MARKETING_VERSION = 1.0;
				PRODUCT_BUNDLE_IDENTIFIER = Time7.MiniChallenge001UITests;
				PRODUCT_NAME = "$(TARGET_NAME)";
				SWIFT_EMIT_LOC_STRINGS = NO;
				SWIFT_VERSION = 5.0;
				TARGETED_DEVICE_FAMILY = "1,2";
				TEST_TARGET_NAME = MiniChallenge001;
			};
			name = Debug;
		};
		3D9BED4628CFB76200CA1821 /* Release */ = {
			isa = XCBuildConfiguration;
			buildSettings = {
				ALWAYS_EMBED_SWIFT_STANDARD_LIBRARIES = YES;
				CODE_SIGN_STYLE = Automatic;
				CURRENT_PROJECT_VERSION = 1;
				DEVELOPMENT_TEAM = 66824UF4JS;
				GENERATE_INFOPLIST_FILE = YES;
				MARKETING_VERSION = 1.0;
				PRODUCT_BUNDLE_IDENTIFIER = Time7.MiniChallenge001UITests;
				PRODUCT_NAME = "$(TARGET_NAME)";
				SWIFT_EMIT_LOC_STRINGS = NO;
				SWIFT_VERSION = 5.0;
				TARGETED_DEVICE_FAMILY = "1,2";
				TEST_TARGET_NAME = MiniChallenge001;
			};
			name = Release;
		};
/* End XCBuildConfiguration section */

/* Begin XCConfigurationList section */
		3D9BED1028CFB76000CA1821 /* Build configuration list for PBXProject "MiniChallenge001" */ = {
			isa = XCConfigurationList;
			buildConfigurations = (
				3D9BED3C28CFB76200CA1821 /* Debug */,
				3D9BED3D28CFB76200CA1821 /* Release */,
			);
			defaultConfigurationIsVisible = 0;
			defaultConfigurationName = Release;
		};
		3D9BED3E28CFB76200CA1821 /* Build configuration list for PBXNativeTarget "MiniChallenge001" */ = {
			isa = XCConfigurationList;
			buildConfigurations = (
				3D9BED3F28CFB76200CA1821 /* Debug */,
				3D9BED4028CFB76200CA1821 /* Release */,
			);
			defaultConfigurationIsVisible = 0;
			defaultConfigurationName = Release;
		};
		3D9BED4128CFB76200CA1821 /* Build configuration list for PBXNativeTarget "MiniChallenge001Tests" */ = {
			isa = XCConfigurationList;
			buildConfigurations = (
				3D9BED4228CFB76200CA1821 /* Debug */,
				3D9BED4328CFB76200CA1821 /* Release */,
			);
			defaultConfigurationIsVisible = 0;
			defaultConfigurationName = Release;
		};
		3D9BED4428CFB76200CA1821 /* Build configuration list for PBXNativeTarget "MiniChallenge001UITests" */ = {
			isa = XCConfigurationList;
			buildConfigurations = (
				3D9BED4528CFB76200CA1821 /* Debug */,
				3D9BED4628CFB76200CA1821 /* Release */,
			);
			defaultConfigurationIsVisible = 0;
			defaultConfigurationName = Release;
		};
/* End XCConfigurationList section */
	};
	rootObject = 3D9BED0D28CFB76000CA1821 /* Project object */;
}
